// !$*UTF8*$!
{
	archiveVersion = 1;
	classes = {
	};
	objectVersion = 46;
	objects = {

/* Begin PBXBuildFile section */
		9708DEB31D4E53D900976897 /* main.m in Sources */ = {isa = PBXBuildFile; fileRef = 9708DEB21D4E53D900976897 /* main.m */; };
		9708DEB61D4E53D900976897 /* AppDelegate.m in Sources */ = {isa = PBXBuildFile; fileRef = 9708DEB51D4E53D900976897 /* AppDelegate.m */; };
		9708DEB91D4E53D900976897 /* ViewController.m in Sources */ = {isa = PBXBuildFile; fileRef = 9708DEB81D4E53D900976897 /* ViewController.m */; };
		9708DEBC1D4E53D900976897 /* Main.storyboard in Resources */ = {isa = PBXBuildFile; fileRef = 9708DEBA1D4E53D900976897 /* Main.storyboard */; };
		9708DEBE1D4E53D900976897 /* Assets.xcassets in Resources */ = {isa = PBXBuildFile; fileRef = 9708DEBD1D4E53D900976897 /* Assets.xcassets */; };
		9708DEC11D4E53D900976897 /* LaunchScreen.storyboard in Resources */ = {isa = PBXBuildFile; fileRef = 9708DEBF1D4E53D900976897 /* LaunchScreen.storyboard */; };
		9708DED51D4E5AEA00976897 /* WPYTabBarController.m in Sources */ = {isa = PBXBuildFile; fileRef = 9708DED41D4E5AEA00976897 /* WPYTabBarController.m */; };
		9708DED81D4E5B1100976897 /* WPYNavigationController.m in Sources */ = {isa = PBXBuildFile; fileRef = 9708DED71D4E5B1100976897 /* WPYNavigationController.m */; };
		9708DEDC1D4E5E2300976897 /* ImagesAnimationViewController.m in Sources */ = {isa = PBXBuildFile; fileRef = 9708DEDB1D4E5E2300976897 /* ImagesAnimationViewController.m */; };
		9708DEDF1D4E5E4900976897 /* UIViewAnimationViewController.m in Sources */ = {isa = PBXBuildFile; fileRef = 9708DEDE1D4E5E4900976897 /* UIViewAnimationViewController.m */; };
		9708DEE21D4E5E9000976897 /* CoreAnimationViewController.m in Sources */ = {isa = PBXBuildFile; fileRef = 9708DEE11D4E5E9000976897 /* CoreAnimationViewController.m */; };
		9708DEE51D4E5EB700976897 /* ChangeViewAnimationViewController.m in Sources */ = {isa = PBXBuildFile; fileRef = 9708DEE41D4E5EB700976897 /* ChangeViewAnimationViewController.m */; };
		9708DEE81D4E5F9800976897 /* FunctionAnimationViewController.m in Sources */ = {isa = PBXBuildFile; fileRef = 9708DEE71D4E5F9800976897 /* FunctionAnimationViewController.m */; };
		9708DF021D4E60A300976897 /* 1.png in Resources */ = {isa = PBXBuildFile; fileRef = 9708DEEA1D4E60A300976897 /* 1.png */; };
		9708DF031D4E60A300976897 /* 2.png in Resources */ = {isa = PBXBuildFile; fileRef = 9708DEEB1D4E60A300976897 /* 2.png */; };
		9708DF041D4E60A300976897 /* 3.png in Resources */ = {isa = PBXBuildFile; fileRef = 9708DEEC1D4E60A300976897 /* 3.png */; };
		9708DF051D4E60A300976897 /* 4.png in Resources */ = {isa = PBXBuildFile; fileRef = 9708DEED1D4E60A300976897 /* 4.png */; };
		9708DF061D4E60A300976897 /* tabbar_bg.png in Resources */ = {isa = PBXBuildFile; fileRef = 9708DEEF1D4E60A300976897 /* tabbar_bg.png */; };
		9708DF071D4E60A300976897 /* tabbar_bg@2x.png in Resources */ = {isa = PBXBuildFile; fileRef = 9708DEF01D4E60A300976897 /* tabbar_bg@2x.png */; };
		9708DF081D4E60A300976897 /* tabbar_contacts@2x.png in Resources */ = {isa = PBXBuildFile; fileRef = 9708DEF11D4E60A300976897 /* tabbar_contacts@2x.png */; };
		9708DF091D4E60A300976897 /* tabbar_contacts@3x.png in Resources */ = {isa = PBXBuildFile; fileRef = 9708DEF21D4E60A300976897 /* tabbar_contacts@3x.png */; };
		9708DF0A1D4E60A300976897 /* tabbar_contactsHL@2x.png in Resources */ = {isa = PBXBuildFile; fileRef = 9708DEF31D4E60A300976897 /* tabbar_contactsHL@2x.png */; };
		9708DF0B1D4E60A300976897 /* tabbar_contactsHL@3x.png in Resources */ = {isa = PBXBuildFile; fileRef = 9708DEF41D4E60A300976897 /* tabbar_contactsHL@3x.png */; };
		9708DF0C1D4E60A300976897 /* tabbar_discover@2x.png in Resources */ = {isa = PBXBuildFile; fileRef = 9708DEF51D4E60A300976897 /* tabbar_discover@2x.png */; };
		9708DF0D1D4E60A300976897 /* tabbar_discover@3x.png in Resources */ = {isa = PBXBuildFile; fileRef = 9708DEF61D4E60A300976897 /* tabbar_discover@3x.png */; };
		9708DF0E1D4E60A300976897 /* tabbar_discoverHL@2x.png in Resources */ = {isa = PBXBuildFile; fileRef = 9708DEF71D4E60A300976897 /* tabbar_discoverHL@2x.png */; };
		9708DF0F1D4E60A300976897 /* tabbar_discoverHL@3x.png in Resources */ = {isa = PBXBuildFile; fileRef = 9708DEF81D4E60A300976897 /* tabbar_discoverHL@3x.png */; };
		9708DF101D4E60A300976897 /* tabbar_mainframe@2x.png in Resources */ = {isa = PBXBuildFile; fileRef = 9708DEF91D4E60A300976897 /* tabbar_mainframe@2x.png */; };
		9708DF111D4E60A300976897 /* tabbar_mainframe@3x.png in Resources */ = {isa = PBXBuildFile; fileRef = 9708DEFA1D4E60A300976897 /* tabbar_mainframe@3x.png */; };
		9708DF121D4E60A300976897 /* tabbar_mainframeHL@2x.png in Resources */ = {isa = PBXBuildFile; fileRef = 9708DEFB1D4E60A300976897 /* tabbar_mainframeHL@2x.png */; };
		9708DF131D4E60A300976897 /* tabbar_mainframeHL@3x.png in Resources */ = {isa = PBXBuildFile; fileRef = 9708DEFC1D4E60A300976897 /* tabbar_mainframeHL@3x.png */; };
		9708DF141D4E60A300976897 /* tabbar_me@2x.png in Resources */ = {isa = PBXBuildFile; fileRef = 9708DEFD1D4E60A300976897 /* tabbar_me@2x.png */; };
		9708DF151D4E60A300976897 /* tabbar_me@3x.png in Resources */ = {isa = PBXBuildFile; fileRef = 9708DEFE1D4E60A300976897 /* tabbar_me@3x.png */; };
		9708DF161D4E60A300976897 /* tabbar_meHL@2x.png in Resources */ = {isa = PBXBuildFile; fileRef = 9708DEFF1D4E60A300976897 /* tabbar_meHL@2x.png */; };
		9708DF171D4E60A300976897 /* tabbar_meHL@3x.png in Resources */ = {isa = PBXBuildFile; fileRef = 9708DF001D4E60A300976897 /* tabbar_meHL@3x.png */; };
		9708DF181D4E60A300976897 /* 美女07.jpg in Resources */ = {isa = PBXBuildFile; fileRef = 9708DF011D4E60A300976897 /* 美女07.jpg */; };
		9708DF1B1D4E6E9900976897 /* ImagesAnimation.m in Sources */ = {isa = PBXBuildFile; fileRef = 9708DF1A1D4E6E9900976897 /* ImagesAnimation.m */; };
		E004690B1D8E902000281BC5 /* LoginViewAnimationVC.m in Sources */ = {isa = PBXBuildFile; fileRef = E004690A1D8E902000281BC5 /* LoginViewAnimationVC.m */; };
		E00CEE941DB0AE1E000C5224 /* WPYCircleView.m in Sources */ = {isa = PBXBuildFile; fileRef = E00CEE931DB0AE1E000C5224 /* WPYCircleView.m */; };
		E00CEE971DB0B37D000C5224 /* WPYCircelWaveAnimationView.m in Sources */ = {isa = PBXBuildFile; fileRef = E00CEE961DB0B37D000C5224 /* WPYCircelWaveAnimationView.m */; };
		E026A00E1D76CB3F009103DE /* WPYCubeAnimationLayer.m in Sources */ = {isa = PBXBuildFile; fileRef = E026A00D1D76CB3F009103DE /* WPYCubeAnimationLayer.m */; };
		E026A0111D76E380009103DE /* WPY3DCubeAnimationView.m in Sources */ = {isa = PBXBuildFile; fileRef = E026A0101D76E380009103DE /* WPY3DCubeAnimationView.m */; };
		E048FD391D8945800058B495 /* WPYPrintPaperLoginView.m in Sources */ = {isa = PBXBuildFile; fileRef = E048FD381D8945800058B495 /* WPYPrintPaperLoginView.m */; };
		E05870E71D62AB5100CE5019 /* PopViewVC.m in Sources */ = {isa = PBXBuildFile; fileRef = E05870E61D62AB5100CE5019 /* PopViewVC.m */; };
		E06F46011D66A0C80004FABF /* PageCoverVC.m in Sources */ = {isa = PBXBuildFile; fileRef = E06F46001D66A0C80004FABF /* PageCoverVC.m */; };
		E06F46041D66A1490004FABF /* PageCoverPushVC.m in Sources */ = {isa = PBXBuildFile; fileRef = E06F46031D66A1490004FABF /* PageCoverPushVC.m */; };
		E070A3361D88EBD000F14B10 /* printPaper.png in Resources */ = {isa = PBXBuildFile; fileRef = E070A3351D88EBD000F14B10 /* printPaper.png */; };
		E0727A391D640D1C00FFF48C /* PopViewPresentVC.m in Sources */ = {isa = PBXBuildFile; fileRef = E0727A381D640D1C00FFF48C /* PopViewPresentVC.m */; };
		E072F07E1D87AA0B005B6A0D /* textViewVC.m in Sources */ = {isa = PBXBuildFile; fileRef = E072F07D1D87AA0B005B6A0D /* textViewVC.m */; };
		E072F0801D87ABCC005B6A0D /* root.png in Resources */ = {isa = PBXBuildFile; fileRef = E072F07F1D87ABCC005B6A0D /* root.png */; };
		E075551F1D7524E0001D9A4B /* WPYLoginButton.m in Sources */ = {isa = PBXBuildFile; fileRef = E075551E1D7524E0001D9A4B /* WPYLoginButton.m */; };
		E080E2EA1D596FE600EFFA8A /* WPYTransition.m in Sources */ = {isa = PBXBuildFile; fileRef = E080E2E91D596FE600EFFA8A /* WPYTransition.m */; };
		E080E2ED1D5984F800EFFA8A /* WPYTransitionGesture.m in Sources */ = {isa = PBXBuildFile; fileRef = E080E2EC1D5984F800EFFA8A /* WPYTransitionGesture.m */; };
		E080E2F61D59BB0C00EFFA8A /* CircleSpreadVC.m in Sources */ = {isa = PBXBuildFile; fileRef = E080E2F51D59BB0C00EFFA8A /* CircleSpreadVC.m */; };
		E080E2FE1D59C26F00EFFA8A /* icon.png in Resources */ = {isa = PBXBuildFile; fileRef = E080E2FC1D59C26F00EFFA8A /* icon.png */; };
		E080E2FF1D59C26F00EFFA8A /* book.jpg in Resources */ = {isa = PBXBuildFile; fileRef = E080E2FD1D59C26F00EFFA8A /* book.jpg */; };
		E080E31A1D59C45300EFFA8A /* MASCompositeConstraint.m in Sources */ = {isa = PBXBuildFile; fileRef = E080E3021D59C45300EFFA8A /* MASCompositeConstraint.m */; };
		E080E31B1D59C45300EFFA8A /* MASConstraint.m in Sources */ = {isa = PBXBuildFile; fileRef = E080E3051D59C45300EFFA8A /* MASConstraint.m */; };
		E080E31C1D59C45300EFFA8A /* MASConstraintMaker.m in Sources */ = {isa = PBXBuildFile; fileRef = E080E3071D59C45300EFFA8A /* MASConstraintMaker.m */; };
		E080E31D1D59C45300EFFA8A /* MASLayoutConstraint.m in Sources */ = {isa = PBXBuildFile; fileRef = E080E3091D59C45300EFFA8A /* MASLayoutConstraint.m */; };
		E080E31E1D59C45300EFFA8A /* MASViewAttribute.m in Sources */ = {isa = PBXBuildFile; fileRef = E080E30D1D59C45300EFFA8A /* MASViewAttribute.m */; };
		E080E31F1D59C45300EFFA8A /* MASViewConstraint.m in Sources */ = {isa = PBXBuildFile; fileRef = E080E30F1D59C45300EFFA8A /* MASViewConstraint.m */; };
		E080E3201D59C45300EFFA8A /* NSArray+MASAdditions.m in Sources */ = {isa = PBXBuildFile; fileRef = E080E3111D59C45300EFFA8A /* NSArray+MASAdditions.m */; };
		E080E3211D59C45300EFFA8A /* NSLayoutConstraint+MASDebugAdditions.m in Sources */ = {isa = PBXBuildFile; fileRef = E080E3141D59C45300EFFA8A /* NSLayoutConstraint+MASDebugAdditions.m */; };
		E080E3221D59C45300EFFA8A /* View+MASAdditions.m in Sources */ = {isa = PBXBuildFile; fileRef = E080E3161D59C45300EFFA8A /* View+MASAdditions.m */; };
		E080E3231D59C45300EFFA8A /* ViewController+MASAdditions.m in Sources */ = {isa = PBXBuildFile; fileRef = E080E3191D59C45300EFFA8A /* ViewController+MASAdditions.m */; };
		E080E3261D59CA3700EFFA8A /* CircelSpreadPresentVC.m in Sources */ = {isa = PBXBuildFile; fileRef = E080E3251D59CA3700EFFA8A /* CircelSpreadPresentVC.m */; };
		E08744981D615CE800C4E190 /* MagicalMoveVC.m in Sources */ = {isa = PBXBuildFile; fileRef = E08744971D615CE800C4E190 /* MagicalMoveVC.m */; };
		E087449B1D615D3F00C4E190 /* MagicalMovePushVC.m in Sources */ = {isa = PBXBuildFile; fileRef = E087449A1D615D3F00C4E190 /* MagicalMovePushVC.m */; };
		E087449F1D6169B200C4E190 /* MagicalMoveCell.m in Sources */ = {isa = PBXBuildFile; fileRef = E087449D1D6169B200C4E190 /* MagicalMoveCell.m */; };
		E08744A01D6169B200C4E190 /* MagicalMoveCell.xib in Resources */ = {isa = PBXBuildFile; fileRef = E087449E1D6169B200C4E190 /* MagicalMoveCell.xib */; };
		E088986B1D54427700AD4870 /* WPYButton.m in Sources */ = {isa = PBXBuildFile; fileRef = E088986A1D54427700AD4870 /* WPYButton.m */; };
		E088986F1D54448900AD4870 /* ImagesVC.m in Sources */ = {isa = PBXBuildFile; fileRef = E088986E1D54448900AD4870 /* ImagesVC.m */; };
		E08898731D54625800AD4870 /* imageVC2.m in Sources */ = {isa = PBXBuildFile; fileRef = E08898721D54625800AD4870 /* imageVC2.m */; };
		E088987B1D54649100AD4870 /* runner0.jpg in Resources */ = {isa = PBXBuildFile; fileRef = E08898751D54649100AD4870 /* runner0.jpg */; };
		E088987C1D54649100AD4870 /* runner1.jpg in Resources */ = {isa = PBXBuildFile; fileRef = E08898761D54649100AD4870 /* runner1.jpg */; };
		E088987D1D54649100AD4870 /* runner2.jpg in Resources */ = {isa = PBXBuildFile; fileRef = E08898771D54649100AD4870 /* runner2.jpg */; };
		E088987E1D54649100AD4870 /* runner3.jpg in Resources */ = {isa = PBXBuildFile; fileRef = E08898781D54649100AD4870 /* runner3.jpg */; };
		E088987F1D54649100AD4870 /* runner4.jpg in Resources */ = {isa = PBXBuildFile; fileRef = E08898791D54649100AD4870 /* runner4.jpg */; };
		E08898801D54649100AD4870 /* runner5.jpg in Resources */ = {isa = PBXBuildFile; fileRef = E088987A1D54649100AD4870 /* runner5.jpg */; };
		E088988B1D548F2E00AD4870 /* BackgroundVCViewController.m in Sources */ = {isa = PBXBuildFile; fileRef = E088988A1D548F2E00AD4870 /* BackgroundVCViewController.m */; };
		E088988D1D5496BD00AD4870 /* qiu3.jpg in Resources */ = {isa = PBXBuildFile; fileRef = E088988C1D5496BD00AD4870 /* qiu3.jpg */; };
		E088988F1D5496C200AD4870 /* qiu1.png in Resources */ = {isa = PBXBuildFile; fileRef = E088988E1D5496C200AD4870 /* qiu1.png */; };
		E08898911D5496C600AD4870 /* qiu5.jpg in Resources */ = {isa = PBXBuildFile; fileRef = E08898901D5496C600AD4870 /* qiu5.jpg */; };
		E08898931D5496DB00AD4870 /* flake.png in Resources */ = {isa = PBXBuildFile; fileRef = E08898921D5496DB00AD4870 /* flake.png */; };
		E091D6691D5827CD00C5A7EF /* WPYPopView.m in Sources */ = {isa = PBXBuildFile; fileRef = E091D6681D5827CD00C5A7EF /* WPYPopView.m */; };
		E091D6701D586D1100C5A7EF /* basket2.jpg in Resources */ = {isa = PBXBuildFile; fileRef = E091D66D1D586D1100C5A7EF /* basket2.jpg */; };
		E091D6711D586D1100C5A7EF /* basketball.jpg in Resources */ = {isa = PBXBuildFile; fileRef = E091D66E1D586D1100C5A7EF /* basketball.jpg */; };
		E091D6721D586D1100C5A7EF /* person1.jpg in Resources */ = {isa = PBXBuildFile; fileRef = E091D66F1D586D1100C5A7EF /* person1.jpg */; };
		E091D67B1D586D1600C5A7EF /* k1.png in Resources */ = {isa = PBXBuildFile; fileRef = E091D6741D586D1600C5A7EF /* k1.png */; };
		E091D67C1D586D1600C5A7EF /* lunner2.jpg in Resources */ = {isa = PBXBuildFile; fileRef = E091D6751D586D1600C5A7EF /* lunner2.jpg */; };
		E091D67D1D586D1600C5A7EF /* p2.jpg in Resources */ = {isa = PBXBuildFile; fileRef = E091D6761D586D1600C5A7EF /* p2.jpg */; };
		E091D67E1D586D1600C5A7EF /* pic.jpg in Resources */ = {isa = PBXBuildFile; fileRef = E091D6771D586D1600C5A7EF /* pic.jpg */; };
		E091D67F1D586D1600C5A7EF /* tree.jpg in Resources */ = {isa = PBXBuildFile; fileRef = E091D6781D586D1600C5A7EF /* tree.jpg */; };
		E091D6801D586D1600C5A7EF /* tree4.jpg in Resources */ = {isa = PBXBuildFile; fileRef = E091D6791D586D1600C5A7EF /* tree4.jpg */; };
		E091D6811D586D1600C5A7EF /* window.png in Resources */ = {isa = PBXBuildFile; fileRef = E091D67A1D586D1600C5A7EF /* window.png */; };
		E091D6851D58768700C5A7EF /* WPYTransitionAnimation.m in Sources */ = {isa = PBXBuildFile; fileRef = E091D6841D58768700C5A7EF /* WPYTransitionAnimation.m */; };
		E091D6891D58920500C5A7EF /* UIView+Toast.m in Sources */ = {isa = PBXBuildFile; fileRef = E091D6881D58920500C5A7EF /* UIView+Toast.m */; };
		E091D68C1D5899F300C5A7EF /* ViewAnimation.m in Sources */ = {isa = PBXBuildFile; fileRef = E091D68B1D5899F300C5A7EF /* ViewAnimation.m */; };
		E0952ACC1D6ED021001A8177 /* login.png in Resources */ = {isa = PBXBuildFile; fileRef = E0952ACB1D6ED021001A8177 /* login.png */; };
		E0952AD21D6EDC43001A8177 /* WPYSpinerLayer.m in Sources */ = {isa = PBXBuildFile; fileRef = E0952AD11D6EDC43001A8177 /* WPYSpinerLayer.m */; };
		E0A61CC11D6C38DC0012ACD9 /* LaunchImage-700-568h@2x.png in Resources */ = {isa = PBXBuildFile; fileRef = E0A61CC01D6C38DC0012ACD9 /* LaunchImage-700-568h@2x.png */; };
		E0BF87F11D7915D6008210FF /* LoginBtnAnimationVC.m in Sources */ = {isa = PBXBuildFile; fileRef = E0BF87F01D7915D6008210FF /* LoginBtnAnimationVC.m */; };
		E0BF87F41D795CE5008210FF /* WPYLoginIcon.m in Sources */ = {isa = PBXBuildFile; fileRef = E0BF87F31D795CE5008210FF /* WPYLoginIcon.m */; };
		E0BF87F71D7982AC008210FF /* LoginIconAnimationVC.m in Sources */ = {isa = PBXBuildFile; fileRef = E0BF87F61D7982AC008210FF /* LoginIconAnimationVC.m */; };
		E0CA8E351DAF659700E94076 /* Cube3DViewController.m in Sources */ = {isa = PBXBuildFile; fileRef = E0CA8E341DAF659700E94076 /* Cube3DViewController.m */; };
		E0CA8E381DAF67CC00E94076 /* BarAnimationViewController.m in Sources */ = {isa = PBXBuildFile; fileRef = E0CA8E371DAF67CC00E94076 /* BarAnimationViewController.m */; };
		E0CA8E3B1DAF682700E94076 /* RoundWaterLinesViewController.m in Sources */ = {isa = PBXBuildFile; fileRef = E0CA8E3A1DAF682700E94076 /* RoundWaterLinesViewController.m */; };
		E0CA8E3E1DAF685000E94076 /* TouchPopViewViewController.m in Sources */ = {isa = PBXBuildFile; fileRef = E0CA8E3D1DAF685000E94076 /* TouchPopViewViewController.m */; };
		E0CA8E441DAF6D5200E94076 /* WPYBarAnimationView.m in Sources */ = {isa = PBXBuildFile; fileRef = E0CA8E431DAF6D5200E94076 /* WPYBarAnimationView.m */; };
/* End PBXBuildFile section */

/* Begin PBXFileReference section */
		9708DEAE1D4E53D900976897 /* WPYAnimation.app */ = {isa = PBXFileReference; explicitFileType = wrapper.application; includeInIndex = 0; path = WPYAnimation.app; sourceTree = BUILT_PRODUCTS_DIR; };
		9708DEB21D4E53D900976897 /* main.m */ = {isa = PBXFileReference; lastKnownFileType = sourcecode.c.objc; path = main.m; sourceTree = "<group>"; };
		9708DEB41D4E53D900976897 /* AppDelegate.h */ = {isa = PBXFileReference; lastKnownFileType = sourcecode.c.h; path = AppDelegate.h; sourceTree = "<group>"; };
		9708DEB51D4E53D900976897 /* AppDelegate.m */ = {isa = PBXFileReference; lastKnownFileType = sourcecode.c.objc; path = AppDelegate.m; sourceTree = "<group>"; };
		9708DEB71D4E53D900976897 /* ViewController.h */ = {isa = PBXFileReference; lastKnownFileType = sourcecode.c.h; path = ViewController.h; sourceTree = "<group>"; };
		9708DEB81D4E53D900976897 /* ViewController.m */ = {isa = PBXFileReference; lastKnownFileType = sourcecode.c.objc; path = ViewController.m; sourceTree = "<group>"; };
		9708DEBB1D4E53D900976897 /* Base */ = {isa = PBXFileReference; lastKnownFileType = file.storyboard; name = Base; path = Base.lproj/Main.storyboard; sourceTree = "<group>"; };
		9708DEBD1D4E53D900976897 /* Assets.xcassets */ = {isa = PBXFileReference; lastKnownFileType = folder.assetcatalog; path = Assets.xcassets; sourceTree = "<group>"; };
		9708DEC01D4E53D900976897 /* Base */ = {isa = PBXFileReference; lastKnownFileType = file.storyboard; name = Base; path = Base.lproj/LaunchScreen.storyboard; sourceTree = "<group>"; };
		9708DEC21D4E53D900976897 /* Info.plist */ = {isa = PBXFileReference; lastKnownFileType = text.plist.xml; path = Info.plist; sourceTree = "<group>"; };
		9708DED31D4E5AEA00976897 /* WPYTabBarController.h */ = {isa = PBXFileReference; fileEncoding = 4; lastKnownFileType = sourcecode.c.h; path = WPYTabBarController.h; sourceTree = "<group>"; };
		9708DED41D4E5AEA00976897 /* WPYTabBarController.m */ = {isa = PBXFileReference; fileEncoding = 4; lastKnownFileType = sourcecode.c.objc; path = WPYTabBarController.m; sourceTree = "<group>"; };
		9708DED61D4E5B1100976897 /* WPYNavigationController.h */ = {isa = PBXFileReference; fileEncoding = 4; lastKnownFileType = sourcecode.c.h; path = WPYNavigationController.h; sourceTree = "<group>"; };
		9708DED71D4E5B1100976897 /* WPYNavigationController.m */ = {isa = PBXFileReference; fileEncoding = 4; lastKnownFileType = sourcecode.c.objc; path = WPYNavigationController.m; sourceTree = "<group>"; };
		9708DEDA1D4E5E2300976897 /* ImagesAnimationViewController.h */ = {isa = PBXFileReference; fileEncoding = 4; lastKnownFileType = sourcecode.c.h; path = ImagesAnimationViewController.h; sourceTree = "<group>"; };
		9708DEDB1D4E5E2300976897 /* ImagesAnimationViewController.m */ = {isa = PBXFileReference; fileEncoding = 4; lastKnownFileType = sourcecode.c.objc; path = ImagesAnimationViewController.m; sourceTree = "<group>"; };
		9708DEDD1D4E5E4900976897 /* UIViewAnimationViewController.h */ = {isa = PBXFileReference; fileEncoding = 4; lastKnownFileType = sourcecode.c.h; path = UIViewAnimationViewController.h; sourceTree = "<group>"; };
		9708DEDE1D4E5E4900976897 /* UIViewAnimationViewController.m */ = {isa = PBXFileReference; fileEncoding = 4; lastKnownFileType = sourcecode.c.objc; path = UIViewAnimationViewController.m; sourceTree = "<group>"; };
		9708DEE01D4E5E9000976897 /* CoreAnimationViewController.h */ = {isa = PBXFileReference; fileEncoding = 4; lastKnownFileType = sourcecode.c.h; path = CoreAnimationViewController.h; sourceTree = "<group>"; };
		9708DEE11D4E5E9000976897 /* CoreAnimationViewController.m */ = {isa = PBXFileReference; fileEncoding = 4; lastKnownFileType = sourcecode.c.objc; path = CoreAnimationViewController.m; sourceTree = "<group>"; };
		9708DEE31D4E5EB700976897 /* ChangeViewAnimationViewController.h */ = {isa = PBXFileReference; fileEncoding = 4; lastKnownFileType = sourcecode.c.h; path = ChangeViewAnimationViewController.h; sourceTree = "<group>"; };
		9708DEE41D4E5EB700976897 /* ChangeViewAnimationViewController.m */ = {isa = PBXFileReference; fileEncoding = 4; lastKnownFileType = sourcecode.c.objc; path = ChangeViewAnimationViewController.m; sourceTree = "<group>"; };
		9708DEE61D4E5F9800976897 /* FunctionAnimationViewController.h */ = {isa = PBXFileReference; fileEncoding = 4; lastKnownFileType = sourcecode.c.h; path = FunctionAnimationViewController.h; sourceTree = "<group>"; };
		9708DEE71D4E5F9800976897 /* FunctionAnimationViewController.m */ = {isa = PBXFileReference; fileEncoding = 4; lastKnownFileType = sourcecode.c.objc; path = FunctionAnimationViewController.m; sourceTree = "<group>"; };
		9708DEEA1D4E60A300976897 /* 1.png */ = {isa = PBXFileReference; lastKnownFileType = image.png; path = 1.png; sourceTree = "<group>"; };
		9708DEEB1D4E60A300976897 /* 2.png */ = {isa = PBXFileReference; lastKnownFileType = image.png; path = 2.png; sourceTree = "<group>"; };
		9708DEEC1D4E60A300976897 /* 3.png */ = {isa = PBXFileReference; lastKnownFileType = image.png; path = 3.png; sourceTree = "<group>"; };
		9708DEED1D4E60A300976897 /* 4.png */ = {isa = PBXFileReference; lastKnownFileType = image.png; path = 4.png; sourceTree = "<group>"; };
		9708DEEF1D4E60A300976897 /* tabbar_bg.png */ = {isa = PBXFileReference; lastKnownFileType = image.png; path = tabbar_bg.png; sourceTree = "<group>"; };
		9708DEF01D4E60A300976897 /* tabbar_bg@2x.png */ = {isa = PBXFileReference; lastKnownFileType = image.png; path = "tabbar_bg@2x.png"; sourceTree = "<group>"; };
		9708DEF11D4E60A300976897 /* tabbar_contacts@2x.png */ = {isa = PBXFileReference; lastKnownFileType = image.png; path = "tabbar_contacts@2x.png"; sourceTree = "<group>"; };
		9708DEF21D4E60A300976897 /* tabbar_contacts@3x.png */ = {isa = PBXFileReference; lastKnownFileType = image.png; path = "tabbar_contacts@3x.png"; sourceTree = "<group>"; };
		9708DEF31D4E60A300976897 /* tabbar_contactsHL@2x.png */ = {isa = PBXFileReference; lastKnownFileType = image.png; path = "tabbar_contactsHL@2x.png"; sourceTree = "<group>"; };
		9708DEF41D4E60A300976897 /* tabbar_contactsHL@3x.png */ = {isa = PBXFileReference; lastKnownFileType = image.png; path = "tabbar_contactsHL@3x.png"; sourceTree = "<group>"; };
		9708DEF51D4E60A300976897 /* tabbar_discover@2x.png */ = {isa = PBXFileReference; lastKnownFileType = image.png; path = "tabbar_discover@2x.png"; sourceTree = "<group>"; };
		9708DEF61D4E60A300976897 /* tabbar_discover@3x.png */ = {isa = PBXFileReference; lastKnownFileType = image.png; path = "tabbar_discover@3x.png"; sourceTree = "<group>"; };
		9708DEF71D4E60A300976897 /* tabbar_discoverHL@2x.png */ = {isa = PBXFileReference; lastKnownFileType = image.png; path = "tabbar_discoverHL@2x.png"; sourceTree = "<group>"; };
		9708DEF81D4E60A300976897 /* tabbar_discoverHL@3x.png */ = {isa = PBXFileReference; lastKnownFileType = image.png; path = "tabbar_discoverHL@3x.png"; sourceTree = "<group>"; };
		9708DEF91D4E60A300976897 /* tabbar_mainframe@2x.png */ = {isa = PBXFileReference; lastKnownFileType = image.png; path = "tabbar_mainframe@2x.png"; sourceTree = "<group>"; };
		9708DEFA1D4E60A300976897 /* tabbar_mainframe@3x.png */ = {isa = PBXFileReference; lastKnownFileType = image.png; path = "tabbar_mainframe@3x.png"; sourceTree = "<group>"; };
		9708DEFB1D4E60A300976897 /* tabbar_mainframeHL@2x.png */ = {isa = PBXFileReference; lastKnownFileType = image.png; path = "tabbar_mainframeHL@2x.png"; sourceTree = "<group>"; };
		9708DEFC1D4E60A300976897 /* tabbar_mainframeHL@3x.png */ = {isa = PBXFileReference; lastKnownFileType = image.png; path = "tabbar_mainframeHL@3x.png"; sourceTree = "<group>"; };
		9708DEFD1D4E60A300976897 /* tabbar_me@2x.png */ = {isa = PBXFileReference; lastKnownFileType = image.png; path = "tabbar_me@2x.png"; sourceTree = "<group>"; };
		9708DEFE1D4E60A300976897 /* tabbar_me@3x.png */ = {isa = PBXFileReference; lastKnownFileType = image.png; path = "tabbar_me@3x.png"; sourceTree = "<group>"; };
		9708DEFF1D4E60A300976897 /* tabbar_meHL@2x.png */ = {isa = PBXFileReference; lastKnownFileType = image.png; path = "tabbar_meHL@2x.png"; sourceTree = "<group>"; };
		9708DF001D4E60A300976897 /* tabbar_meHL@3x.png */ = {isa = PBXFileReference; lastKnownFileType = image.png; path = "tabbar_meHL@3x.png"; sourceTree = "<group>"; };
		9708DF011D4E60A300976897 /* 美女07.jpg */ = {isa = PBXFileReference; lastKnownFileType = image.jpeg; path = "美女07.jpg"; sourceTree = "<group>"; };
		9708DF191D4E6E9900976897 /* ImagesAnimation.h */ = {isa = PBXFileReference; fileEncoding = 4; lastKnownFileType = sourcecode.c.h; path = ImagesAnimation.h; sourceTree = "<group>"; };
		9708DF1A1D4E6E9900976897 /* ImagesAnimation.m */ = {isa = PBXFileReference; fileEncoding = 4; lastKnownFileType = sourcecode.c.objc; path = ImagesAnimation.m; sourceTree = "<group>"; };
		E00469091D8E902000281BC5 /* LoginViewAnimationVC.h */ = {isa = PBXFileReference; fileEncoding = 4; lastKnownFileType = sourcecode.c.h; path = LoginViewAnimationVC.h; sourceTree = "<group>"; };
		E004690A1D8E902000281BC5 /* LoginViewAnimationVC.m */ = {isa = PBXFileReference; fileEncoding = 4; lastKnownFileType = sourcecode.c.objc; path = LoginViewAnimationVC.m; sourceTree = "<group>"; };
		E00CEE921DB0AE1E000C5224 /* WPYCircleView.h */ = {isa = PBXFileReference; fileEncoding = 4; lastKnownFileType = sourcecode.c.h; path = WPYCircleView.h; sourceTree = "<group>"; };
		E00CEE931DB0AE1E000C5224 /* WPYCircleView.m */ = {isa = PBXFileReference; fileEncoding = 4; lastKnownFileType = sourcecode.c.objc; path = WPYCircleView.m; sourceTree = "<group>"; };
		E00CEE951DB0B37D000C5224 /* WPYCircelWaveAnimationView.h */ = {isa = PBXFileReference; fileEncoding = 4; lastKnownFileType = sourcecode.c.h; path = WPYCircelWaveAnimationView.h; sourceTree = "<group>"; };
		E00CEE961DB0B37D000C5224 /* WPYCircelWaveAnimationView.m */ = {isa = PBXFileReference; fileEncoding = 4; lastKnownFileType = sourcecode.c.objc; path = WPYCircelWaveAnimationView.m; sourceTree = "<group>"; };
		E026A00C1D76CB3F009103DE /* WPYCubeAnimationLayer.h */ = {isa = PBXFileReference; fileEncoding = 4; lastKnownFileType = sourcecode.c.h; path = WPYCubeAnimationLayer.h; sourceTree = "<group>"; };
		E026A00D1D76CB3F009103DE /* WPYCubeAnimationLayer.m */ = {isa = PBXFileReference; fileEncoding = 4; lastKnownFileType = sourcecode.c.objc; path = WPYCubeAnimationLayer.m; sourceTree = "<group>"; };
		E026A00F1D76E380009103DE /* WPY3DCubeAnimationView.h */ = {isa = PBXFileReference; fileEncoding = 4; lastKnownFileType = sourcecode.c.h; path = WPY3DCubeAnimationView.h; sourceTree = "<group>"; };
		E026A0101D76E380009103DE /* WPY3DCubeAnimationView.m */ = {isa = PBXFileReference; fileEncoding = 4; lastKnownFileType = sourcecode.c.objc; path = WPY3DCubeAnimationView.m; sourceTree = "<group>"; };
		E048FD371D8945800058B495 /* WPYPrintPaperLoginView.h */ = {isa = PBXFileReference; fileEncoding = 4; lastKnownFileType = sourcecode.c.h; path = WPYPrintPaperLoginView.h; sourceTree = "<group>"; };
		E048FD381D8945800058B495 /* WPYPrintPaperLoginView.m */ = {isa = PBXFileReference; fileEncoding = 4; lastKnownFileType = sourcecode.c.objc; path = WPYPrintPaperLoginView.m; sourceTree = "<group>"; };
		E05870E51D62AB5100CE5019 /* PopViewVC.h */ = {isa = PBXFileReference; fileEncoding = 4; lastKnownFileType = sourcecode.c.h; path = PopViewVC.h; sourceTree = "<group>"; };
		E05870E61D62AB5100CE5019 /* PopViewVC.m */ = {isa = PBXFileReference; fileEncoding = 4; lastKnownFileType = sourcecode.c.objc; path = PopViewVC.m; sourceTree = "<group>"; };
		E06F45FF1D66A0C80004FABF /* PageCoverVC.h */ = {isa = PBXFileReference; fileEncoding = 4; lastKnownFileType = sourcecode.c.h; path = PageCoverVC.h; sourceTree = "<group>"; };
		E06F46001D66A0C80004FABF /* PageCoverVC.m */ = {isa = PBXFileReference; fileEncoding = 4; lastKnownFileType = sourcecode.c.objc; path = PageCoverVC.m; sourceTree = "<group>"; };
		E06F46021D66A1490004FABF /* PageCoverPushVC.h */ = {isa = PBXFileReference; fileEncoding = 4; lastKnownFileType = sourcecode.c.h; path = PageCoverPushVC.h; sourceTree = "<group>"; };
		E06F46031D66A1490004FABF /* PageCoverPushVC.m */ = {isa = PBXFileReference; fileEncoding = 4; lastKnownFileType = sourcecode.c.objc; path = PageCoverPushVC.m; sourceTree = "<group>"; };
		E070A3351D88EBD000F14B10 /* printPaper.png */ = {isa = PBXFileReference; lastKnownFileType = image.png; path = printPaper.png; sourceTree = "<group>"; };
		E0727A371D640D1C00FFF48C /* PopViewPresentVC.h */ = {isa = PBXFileReference; fileEncoding = 4; lastKnownFileType = sourcecode.c.h; path = PopViewPresentVC.h; sourceTree = "<group>"; };
		E0727A381D640D1C00FFF48C /* PopViewPresentVC.m */ = {isa = PBXFileReference; fileEncoding = 4; lastKnownFileType = sourcecode.c.objc; path = PopViewPresentVC.m; sourceTree = "<group>"; };
		E072F07C1D87AA0B005B6A0D /* textViewVC.h */ = {isa = PBXFileReference; fileEncoding = 4; lastKnownFileType = sourcecode.c.h; path = textViewVC.h; sourceTree = "<group>"; };
		E072F07D1D87AA0B005B6A0D /* textViewVC.m */ = {isa = PBXFileReference; fileEncoding = 4; lastKnownFileType = sourcecode.c.objc; path = textViewVC.m; sourceTree = "<group>"; };
		E072F07F1D87ABCC005B6A0D /* root.png */ = {isa = PBXFileReference; lastKnownFileType = image.png; path = root.png; sourceTree = "<group>"; };
		E075551D1D7524E0001D9A4B /* WPYLoginButton.h */ = {isa = PBXFileReference; fileEncoding = 4; lastKnownFileType = sourcecode.c.h; path = WPYLoginButton.h; sourceTree = "<group>"; };
		E075551E1D7524E0001D9A4B /* WPYLoginButton.m */ = {isa = PBXFileReference; fileEncoding = 4; lastKnownFileType = sourcecode.c.objc; path = WPYLoginButton.m; sourceTree = "<group>"; };
		E080E2E81D596FE600EFFA8A /* WPYTransition.h */ = {isa = PBXFileReference; fileEncoding = 4; lastKnownFileType = sourcecode.c.h; name = WPYTransition.h; path = WPYAnimation/WPYAnimation/ChangeViewAnimation/customTransitionAnimation/WPYTransition.h; sourceTree = SOURCE_ROOT; };
		E080E2E91D596FE600EFFA8A /* WPYTransition.m */ = {isa = PBXFileReference; fileEncoding = 4; lastKnownFileType = sourcecode.c.objc; name = WPYTransition.m; path = WPYAnimation/WPYAnimation/ChangeViewAnimation/customTransitionAnimation/WPYTransition.m; sourceTree = SOURCE_ROOT; };
		E080E2EB1D5984F800EFFA8A /* WPYTransitionGesture.h */ = {isa = PBXFileReference; fileEncoding = 4; lastKnownFileType = sourcecode.c.h; name = WPYTransitionGesture.h; path = WPYAnimation/WPYAnimation/ChangeViewAnimation/customTransitionAnimation/WPYTransitionGesture.h; sourceTree = SOURCE_ROOT; };
		E080E2EC1D5984F800EFFA8A /* WPYTransitionGesture.m */ = {isa = PBXFileReference; fileEncoding = 4; lastKnownFileType = sourcecode.c.objc; name = WPYTransitionGesture.m; path = WPYAnimation/WPYAnimation/ChangeViewAnimation/customTransitionAnimation/WPYTransitionGesture.m; sourceTree = SOURCE_ROOT; };
		E080E2F41D59BB0C00EFFA8A /* CircleSpreadVC.h */ = {isa = PBXFileReference; fileEncoding = 4; lastKnownFileType = sourcecode.c.h; path = CircleSpreadVC.h; sourceTree = "<group>"; };
		E080E2F51D59BB0C00EFFA8A /* CircleSpreadVC.m */ = {isa = PBXFileReference; fileEncoding = 4; lastKnownFileType = sourcecode.c.objc; path = CircleSpreadVC.m; sourceTree = "<group>"; };
		E080E2FC1D59C26F00EFFA8A /* icon.png */ = {isa = PBXFileReference; lastKnownFileType = image.png; path = icon.png; sourceTree = "<group>"; };
		E080E2FD1D59C26F00EFFA8A /* book.jpg */ = {isa = PBXFileReference; lastKnownFileType = image.jpeg; path = book.jpg; sourceTree = "<group>"; };
		E080E3011D59C45300EFFA8A /* MASCompositeConstraint.h */ = {isa = PBXFileReference; fileEncoding = 4; lastKnownFileType = sourcecode.c.h; path = MASCompositeConstraint.h; sourceTree = "<group>"; };
		E080E3021D59C45300EFFA8A /* MASCompositeConstraint.m */ = {isa = PBXFileReference; fileEncoding = 4; lastKnownFileType = sourcecode.c.objc; path = MASCompositeConstraint.m; sourceTree = "<group>"; };
		E080E3031D59C45300EFFA8A /* MASConstraint+Private.h */ = {isa = PBXFileReference; fileEncoding = 4; lastKnownFileType = sourcecode.c.h; path = "MASConstraint+Private.h"; sourceTree = "<group>"; };
		E080E3041D59C45300EFFA8A /* MASConstraint.h */ = {isa = PBXFileReference; fileEncoding = 4; lastKnownFileType = sourcecode.c.h; path = MASConstraint.h; sourceTree = "<group>"; };
		E080E3051D59C45300EFFA8A /* MASConstraint.m */ = {isa = PBXFileReference; fileEncoding = 4; lastKnownFileType = sourcecode.c.objc; path = MASConstraint.m; sourceTree = "<group>"; };
		E080E3061D59C45300EFFA8A /* MASConstraintMaker.h */ = {isa = PBXFileReference; fileEncoding = 4; lastKnownFileType = sourcecode.c.h; path = MASConstraintMaker.h; sourceTree = "<group>"; };
		E080E3071D59C45300EFFA8A /* MASConstraintMaker.m */ = {isa = PBXFileReference; fileEncoding = 4; lastKnownFileType = sourcecode.c.objc; path = MASConstraintMaker.m; sourceTree = "<group>"; };
		E080E3081D59C45300EFFA8A /* MASLayoutConstraint.h */ = {isa = PBXFileReference; fileEncoding = 4; lastKnownFileType = sourcecode.c.h; path = MASLayoutConstraint.h; sourceTree = "<group>"; };
		E080E3091D59C45300EFFA8A /* MASLayoutConstraint.m */ = {isa = PBXFileReference; fileEncoding = 4; lastKnownFileType = sourcecode.c.objc; path = MASLayoutConstraint.m; sourceTree = "<group>"; };
		E080E30A1D59C45300EFFA8A /* Masonry.h */ = {isa = PBXFileReference; fileEncoding = 4; lastKnownFileType = sourcecode.c.h; path = Masonry.h; sourceTree = "<group>"; };
		E080E30B1D59C45300EFFA8A /* MASUtilities.h */ = {isa = PBXFileReference; fileEncoding = 4; lastKnownFileType = sourcecode.c.h; path = MASUtilities.h; sourceTree = "<group>"; };
		E080E30C1D59C45300EFFA8A /* MASViewAttribute.h */ = {isa = PBXFileReference; fileEncoding = 4; lastKnownFileType = sourcecode.c.h; path = MASViewAttribute.h; sourceTree = "<group>"; };
		E080E30D1D59C45300EFFA8A /* MASViewAttribute.m */ = {isa = PBXFileReference; fileEncoding = 4; lastKnownFileType = sourcecode.c.objc; path = MASViewAttribute.m; sourceTree = "<group>"; };
		E080E30E1D59C45300EFFA8A /* MASViewConstraint.h */ = {isa = PBXFileReference; fileEncoding = 4; lastKnownFileType = sourcecode.c.h; path = MASViewConstraint.h; sourceTree = "<group>"; };
		E080E30F1D59C45300EFFA8A /* MASViewConstraint.m */ = {isa = PBXFileReference; fileEncoding = 4; lastKnownFileType = sourcecode.c.objc; path = MASViewConstraint.m; sourceTree = "<group>"; };
		E080E3101D59C45300EFFA8A /* NSArray+MASAdditions.h */ = {isa = PBXFileReference; fileEncoding = 4; lastKnownFileType = sourcecode.c.h; path = "NSArray+MASAdditions.h"; sourceTree = "<group>"; };
		E080E3111D59C45300EFFA8A /* NSArray+MASAdditions.m */ = {isa = PBXFileReference; fileEncoding = 4; lastKnownFileType = sourcecode.c.objc; path = "NSArray+MASAdditions.m"; sourceTree = "<group>"; };
		E080E3121D59C45300EFFA8A /* NSArray+MASShorthandAdditions.h */ = {isa = PBXFileReference; fileEncoding = 4; lastKnownFileType = sourcecode.c.h; path = "NSArray+MASShorthandAdditions.h"; sourceTree = "<group>"; };
		E080E3131D59C45300EFFA8A /* NSLayoutConstraint+MASDebugAdditions.h */ = {isa = PBXFileReference; fileEncoding = 4; lastKnownFileType = sourcecode.c.h; path = "NSLayoutConstraint+MASDebugAdditions.h"; sourceTree = "<group>"; };
		E080E3141D59C45300EFFA8A /* NSLayoutConstraint+MASDebugAdditions.m */ = {isa = PBXFileReference; fileEncoding = 4; lastKnownFileType = sourcecode.c.objc; path = "NSLayoutConstraint+MASDebugAdditions.m"; sourceTree = "<group>"; };
		E080E3151D59C45300EFFA8A /* View+MASAdditions.h */ = {isa = PBXFileReference; fileEncoding = 4; lastKnownFileType = sourcecode.c.h; path = "View+MASAdditions.h"; sourceTree = "<group>"; };
		E080E3161D59C45300EFFA8A /* View+MASAdditions.m */ = {isa = PBXFileReference; fileEncoding = 4; lastKnownFileType = sourcecode.c.objc; path = "View+MASAdditions.m"; sourceTree = "<group>"; };
		E080E3171D59C45300EFFA8A /* View+MASShorthandAdditions.h */ = {isa = PBXFileReference; fileEncoding = 4; lastKnownFileType = sourcecode.c.h; path = "View+MASShorthandAdditions.h"; sourceTree = "<group>"; };
		E080E3181D59C45300EFFA8A /* ViewController+MASAdditions.h */ = {isa = PBXFileReference; fileEncoding = 4; lastKnownFileType = sourcecode.c.h; path = "ViewController+MASAdditions.h"; sourceTree = "<group>"; };
		E080E3191D59C45300EFFA8A /* ViewController+MASAdditions.m */ = {isa = PBXFileReference; fileEncoding = 4; lastKnownFileType = sourcecode.c.objc; path = "ViewController+MASAdditions.m"; sourceTree = "<group>"; };
		E080E3241D59CA3700EFFA8A /* CircelSpreadPresentVC.h */ = {isa = PBXFileReference; fileEncoding = 4; lastKnownFileType = sourcecode.c.h; path = CircelSpreadPresentVC.h; sourceTree = "<group>"; };
		E080E3251D59CA3700EFFA8A /* CircelSpreadPresentVC.m */ = {isa = PBXFileReference; fileEncoding = 4; lastKnownFileType = sourcecode.c.objc; path = CircelSpreadPresentVC.m; sourceTree = "<group>"; };
		E08744961D615CE800C4E190 /* MagicalMoveVC.h */ = {isa = PBXFileReference; fileEncoding = 4; lastKnownFileType = sourcecode.c.h; path = MagicalMoveVC.h; sourceTree = "<group>"; };
		E08744971D615CE800C4E190 /* MagicalMoveVC.m */ = {isa = PBXFileReference; fileEncoding = 4; lastKnownFileType = sourcecode.c.objc; path = MagicalMoveVC.m; sourceTree = "<group>"; };
		E08744991D615D3F00C4E190 /* MagicalMovePushVC.h */ = {isa = PBXFileReference; fileEncoding = 4; lastKnownFileType = sourcecode.c.h; path = MagicalMovePushVC.h; sourceTree = "<group>"; };
		E087449A1D615D3F00C4E190 /* MagicalMovePushVC.m */ = {isa = PBXFileReference; fileEncoding = 4; lastKnownFileType = sourcecode.c.objc; path = MagicalMovePushVC.m; sourceTree = "<group>"; };
		E087449C1D6169B200C4E190 /* MagicalMoveCell.h */ = {isa = PBXFileReference; fileEncoding = 4; lastKnownFileType = sourcecode.c.h; path = MagicalMoveCell.h; sourceTree = "<group>"; };
		E087449D1D6169B200C4E190 /* MagicalMoveCell.m */ = {isa = PBXFileReference; fileEncoding = 4; lastKnownFileType = sourcecode.c.objc; path = MagicalMoveCell.m; sourceTree = "<group>"; };
		E087449E1D6169B200C4E190 /* MagicalMoveCell.xib */ = {isa = PBXFileReference; fileEncoding = 4; lastKnownFileType = file.xib; path = MagicalMoveCell.xib; sourceTree = "<group>"; };
		E08898691D54427700AD4870 /* WPYButton.h */ = {isa = PBXFileReference; fileEncoding = 4; lastKnownFileType = sourcecode.c.h; path = WPYButton.h; sourceTree = "<group>"; };
		E088986A1D54427700AD4870 /* WPYButton.m */ = {isa = PBXFileReference; fileEncoding = 4; lastKnownFileType = sourcecode.c.objc; path = WPYButton.m; sourceTree = "<group>"; };
		E088986D1D54448900AD4870 /* ImagesVC.h */ = {isa = PBXFileReference; fileEncoding = 4; lastKnownFileType = sourcecode.c.h; path = ImagesVC.h; sourceTree = "<group>"; };
		E088986E1D54448900AD4870 /* ImagesVC.m */ = {isa = PBXFileReference; fileEncoding = 4; lastKnownFileType = sourcecode.c.objc; path = ImagesVC.m; sourceTree = "<group>"; };
		E08898701D5444EA00AD4870 /* pch.pch */ = {isa = PBXFileReference; lastKnownFileType = sourcecode.c.h; name = pch.pch; path = ../pch.pch; sourceTree = "<group>"; };
		E08898711D54625800AD4870 /* imageVC2.h */ = {isa = PBXFileReference; fileEncoding = 4; lastKnownFileType = sourcecode.c.h; path = imageVC2.h; sourceTree = "<group>"; };
		E08898721D54625800AD4870 /* imageVC2.m */ = {isa = PBXFileReference; fileEncoding = 4; lastKnownFileType = sourcecode.c.objc; path = imageVC2.m; sourceTree = "<group>"; };
		E08898751D54649100AD4870 /* runner0.jpg */ = {isa = PBXFileReference; lastKnownFileType = image.jpeg; path = runner0.jpg; sourceTree = "<group>"; };
		E08898761D54649100AD4870 /* runner1.jpg */ = {isa = PBXFileReference; lastKnownFileType = image.jpeg; path = runner1.jpg; sourceTree = "<group>"; };
		E08898771D54649100AD4870 /* runner2.jpg */ = {isa = PBXFileReference; lastKnownFileType = image.jpeg; path = runner2.jpg; sourceTree = "<group>"; };
		E08898781D54649100AD4870 /* runner3.jpg */ = {isa = PBXFileReference; lastKnownFileType = image.jpeg; path = runner3.jpg; sourceTree = "<group>"; };
		E08898791D54649100AD4870 /* runner4.jpg */ = {isa = PBXFileReference; lastKnownFileType = image.jpeg; path = runner4.jpg; sourceTree = "<group>"; };
		E088987A1D54649100AD4870 /* runner5.jpg */ = {isa = PBXFileReference; lastKnownFileType = image.jpeg; path = runner5.jpg; sourceTree = "<group>"; };
		E08898891D548F2E00AD4870 /* BackgroundVCViewController.h */ = {isa = PBXFileReference; fileEncoding = 4; lastKnownFileType = sourcecode.c.h; path = BackgroundVCViewController.h; sourceTree = "<group>"; };
		E088988A1D548F2E00AD4870 /* BackgroundVCViewController.m */ = {isa = PBXFileReference; fileEncoding = 4; lastKnownFileType = sourcecode.c.objc; path = BackgroundVCViewController.m; sourceTree = "<group>"; };
		E088988C1D5496BD00AD4870 /* qiu3.jpg */ = {isa = PBXFileReference; lastKnownFileType = image.jpeg; path = qiu3.jpg; sourceTree = "<group>"; };
		E088988E1D5496C200AD4870 /* qiu1.png */ = {isa = PBXFileReference; lastKnownFileType = image.png; path = qiu1.png; sourceTree = "<group>"; };
		E08898901D5496C600AD4870 /* qiu5.jpg */ = {isa = PBXFileReference; lastKnownFileType = image.jpeg; path = qiu5.jpg; sourceTree = "<group>"; };
		E08898921D5496DB00AD4870 /* flake.png */ = {isa = PBXFileReference; lastKnownFileType = image.png; path = flake.png; sourceTree = "<group>"; };
		E091D6671D5827CD00C5A7EF /* WPYPopView.h */ = {isa = PBXFileReference; fileEncoding = 4; lastKnownFileType = sourcecode.c.h; path = WPYPopView.h; sourceTree = "<group>"; };
		E091D6681D5827CD00C5A7EF /* WPYPopView.m */ = {isa = PBXFileReference; fileEncoding = 4; lastKnownFileType = sourcecode.c.objc; path = WPYPopView.m; sourceTree = "<group>"; };
		E091D66D1D586D1100C5A7EF /* basket2.jpg */ = {isa = PBXFileReference; lastKnownFileType = image.jpeg; path = basket2.jpg; sourceTree = "<group>"; };
		E091D66E1D586D1100C5A7EF /* basketball.jpg */ = {isa = PBXFileReference; lastKnownFileType = image.jpeg; path = basketball.jpg; sourceTree = "<group>"; };
		E091D66F1D586D1100C5A7EF /* person1.jpg */ = {isa = PBXFileReference; lastKnownFileType = image.jpeg; path = person1.jpg; sourceTree = "<group>"; };
		E091D6741D586D1600C5A7EF /* k1.png */ = {isa = PBXFileReference; lastKnownFileType = image.png; path = k1.png; sourceTree = "<group>"; };
		E091D6751D586D1600C5A7EF /* lunner2.jpg */ = {isa = PBXFileReference; lastKnownFileType = image.jpeg; path = lunner2.jpg; sourceTree = "<group>"; };
		E091D6761D586D1600C5A7EF /* p2.jpg */ = {isa = PBXFileReference; lastKnownFileType = image.jpeg; path = p2.jpg; sourceTree = "<group>"; };
		E091D6771D586D1600C5A7EF /* pic.jpg */ = {isa = PBXFileReference; lastKnownFileType = image.jpeg; path = pic.jpg; sourceTree = "<group>"; };
		E091D6781D586D1600C5A7EF /* tree.jpg */ = {isa = PBXFileReference; lastKnownFileType = image.jpeg; path = tree.jpg; sourceTree = "<group>"; };
		E091D6791D586D1600C5A7EF /* tree4.jpg */ = {isa = PBXFileReference; lastKnownFileType = image.jpeg; path = tree4.jpg; sourceTree = "<group>"; };
		E091D67A1D586D1600C5A7EF /* window.png */ = {isa = PBXFileReference; lastKnownFileType = image.png; path = window.png; sourceTree = "<group>"; };
		E091D6831D58768700C5A7EF /* WPYTransitionAnimation.h */ = {isa = PBXFileReference; fileEncoding = 4; lastKnownFileType = sourcecode.c.h; path = WPYTransitionAnimation.h; sourceTree = "<group>"; };
		E091D6841D58768700C5A7EF /* WPYTransitionAnimation.m */ = {isa = PBXFileReference; fileEncoding = 4; lastKnownFileType = sourcecode.c.objc; path = WPYTransitionAnimation.m; sourceTree = "<group>"; };
		E091D6871D58920500C5A7EF /* UIView+Toast.h */ = {isa = PBXFileReference; fileEncoding = 4; lastKnownFileType = sourcecode.c.h; path = "UIView+Toast.h"; sourceTree = "<group>"; };
		E091D6881D58920500C5A7EF /* UIView+Toast.m */ = {isa = PBXFileReference; fileEncoding = 4; lastKnownFileType = sourcecode.c.objc; path = "UIView+Toast.m"; sourceTree = "<group>"; };
		E091D68A1D5899F300C5A7EF /* ViewAnimation.h */ = {isa = PBXFileReference; fileEncoding = 4; lastKnownFileType = sourcecode.c.h; path = ViewAnimation.h; sourceTree = "<group>"; };
		E091D68B1D5899F300C5A7EF /* ViewAnimation.m */ = {isa = PBXFileReference; fileEncoding = 4; lastKnownFileType = sourcecode.c.objc; path = ViewAnimation.m; sourceTree = "<group>"; };
		E0952ACB1D6ED021001A8177 /* login.png */ = {isa = PBXFileReference; lastKnownFileType = image.png; path = login.png; sourceTree = "<group>"; };
		E0952AD01D6EDC43001A8177 /* WPYSpinerLayer.h */ = {isa = PBXFileReference; fileEncoding = 4; lastKnownFileType = sourcecode.c.h; path = WPYSpinerLayer.h; sourceTree = "<group>"; };
		E0952AD11D6EDC43001A8177 /* WPYSpinerLayer.m */ = {isa = PBXFileReference; fileEncoding = 4; lastKnownFileType = sourcecode.c.objc; path = WPYSpinerLayer.m; sourceTree = "<group>"; };
		E0A61CC01D6C38DC0012ACD9 /* LaunchImage-700-568h@2x.png */ = {isa = PBXFileReference; lastKnownFileType = image.png; path = "LaunchImage-700-568h@2x.png"; sourceTree = "<group>"; };
		E0BF87EF1D7915D6008210FF /* LoginBtnAnimationVC.h */ = {isa = PBXFileReference; fileEncoding = 4; lastKnownFileType = sourcecode.c.h; path = LoginBtnAnimationVC.h; sourceTree = "<group>"; };
		E0BF87F01D7915D6008210FF /* LoginBtnAnimationVC.m */ = {isa = PBXFileReference; fileEncoding = 4; lastKnownFileType = sourcecode.c.objc; path = LoginBtnAnimationVC.m; sourceTree = "<group>"; };
		E0BF87F21D795CE5008210FF /* WPYLoginIcon.h */ = {isa = PBXFileReference; fileEncoding = 4; lastKnownFileType = sourcecode.c.h; path = WPYLoginIcon.h; sourceTree = "<group>"; };
		E0BF87F31D795CE5008210FF /* WPYLoginIcon.m */ = {isa = PBXFileReference; fileEncoding = 4; lastKnownFileType = sourcecode.c.objc; path = WPYLoginIcon.m; sourceTree = "<group>"; };
		E0BF87F51D7982AC008210FF /* LoginIconAnimationVC.h */ = {isa = PBXFileReference; fileEncoding = 4; lastKnownFileType = sourcecode.c.h; path = LoginIconAnimationVC.h; sourceTree = "<group>"; };
		E0BF87F61D7982AC008210FF /* LoginIconAnimationVC.m */ = {isa = PBXFileReference; fileEncoding = 4; lastKnownFileType = sourcecode.c.objc; path = LoginIconAnimationVC.m; sourceTree = "<group>"; };
		E0CA8E331DAF659700E94076 /* Cube3DViewController.h */ = {isa = PBXFileReference; fileEncoding = 4; lastKnownFileType = sourcecode.c.h; path = Cube3DViewController.h; sourceTree = "<group>"; };
		E0CA8E341DAF659700E94076 /* Cube3DViewController.m */ = {isa = PBXFileReference; fileEncoding = 4; lastKnownFileType = sourcecode.c.objc; path = Cube3DViewController.m; sourceTree = "<group>"; };
		E0CA8E361DAF67CC00E94076 /* BarAnimationViewController.h */ = {isa = PBXFileReference; fileEncoding = 4; lastKnownFileType = sourcecode.c.h; path = BarAnimationViewController.h; sourceTree = "<group>"; };
		E0CA8E371DAF67CC00E94076 /* BarAnimationViewController.m */ = {isa = PBXFileReference; fileEncoding = 4; lastKnownFileType = sourcecode.c.objc; path = BarAnimationViewController.m; sourceTree = "<group>"; };
		E0CA8E391DAF682700E94076 /* RoundWaterLinesViewController.h */ = {isa = PBXFileReference; fileEncoding = 4; lastKnownFileType = sourcecode.c.h; path = RoundWaterLinesViewController.h; sourceTree = "<group>"; };
		E0CA8E3A1DAF682700E94076 /* RoundWaterLinesViewController.m */ = {isa = PBXFileReference; fileEncoding = 4; lastKnownFileType = sourcecode.c.objc; path = RoundWaterLinesViewController.m; sourceTree = "<group>"; };
		E0CA8E3C1DAF685000E94076 /* TouchPopViewViewController.h */ = {isa = PBXFileReference; fileEncoding = 4; lastKnownFileType = sourcecode.c.h; path = TouchPopViewViewController.h; sourceTree = "<group>"; };
		E0CA8E3D1DAF685000E94076 /* TouchPopViewViewController.m */ = {isa = PBXFileReference; fileEncoding = 4; lastKnownFileType = sourcecode.c.objc; path = TouchPopViewViewController.m; sourceTree = "<group>"; };
		E0CA8E421DAF6D5200E94076 /* WPYBarAnimationView.h */ = {isa = PBXFileReference; fileEncoding = 4; lastKnownFileType = sourcecode.c.h; path = WPYBarAnimationView.h; sourceTree = "<group>"; };
		E0CA8E431DAF6D5200E94076 /* WPYBarAnimationView.m */ = {isa = PBXFileReference; fileEncoding = 4; lastKnownFileType = sourcecode.c.objc; path = WPYBarAnimationView.m; sourceTree = "<group>"; };
/* End PBXFileReference section */

/* Begin PBXFrameworksBuildPhase section */
		9708DEAB1D4E53D900976897 /* Frameworks */ = {
			isa = PBXFrameworksBuildPhase;
			buildActionMask = 2147483647;
			files = (
			);
			runOnlyForDeploymentPostprocessing = 0;
		};
/* End PBXFrameworksBuildPhase section */

/* Begin PBXGroup section */
		9708DEA51D4E53D900976897 = {
			isa = PBXGroup;
			children = (
				9708DEB01D4E53D900976897 /* WPYAnimation */,
				9708DEAF1D4E53D900976897 /* Products */,
			);
			sourceTree = "<group>";
		};
		9708DEAF1D4E53D900976897 /* Products */ = {
			isa = PBXGroup;
			children = (
				9708DEAE1D4E53D900976897 /* WPYAnimation.app */,
			);
			name = Products;
			sourceTree = "<group>";
		};
		9708DEB01D4E53D900976897 /* WPYAnimation */ = {
			isa = PBXGroup;
			children = (
				9708DED91D4E5CEE00976897 /* ViewController */,
				9708DED21D4E5AD500976897 /* BaseViewController */,
				9708DECA1D4E547E00976897 /* WPYAnimation */,
				9708DEB41D4E53D900976897 /* AppDelegate.h */,
				9708DEB51D4E53D900976897 /* AppDelegate.m */,
				9708DEB71D4E53D900976897 /* ViewController.h */,
				9708DEB81D4E53D900976897 /* ViewController.m */,
				E08898681D54421C00AD4870 /* helper */,
				9708DEE91D4E60A300976897 /* Source */,
				E08898701D5444EA00AD4870 /* pch.pch */,
				9708DEBA1D4E53D900976897 /* Main.storyboard */,
				9708DEBD1D4E53D900976897 /* Assets.xcassets */,
				9708DEBF1D4E53D900976897 /* LaunchScreen.storyboard */,
				9708DEC21D4E53D900976897 /* Info.plist */,
				9708DEB11D4E53D900976897 /* Supporting Files */,
			);
			path = WPYAnimation;
			sourceTree = "<group>";
		};
		9708DEB11D4E53D900976897 /* Supporting Files */ = {
			isa = PBXGroup;
			children = (
				9708DEB21D4E53D900976897 /* main.m */,
			);
			name = "Supporting Files";
			sourceTree = "<group>";
		};
		9708DECA1D4E547E00976897 /* WPYAnimation */ = {
			isa = PBXGroup;
			children = (
				E0CA8E411DAF6BC200E94076 /* TouchPopViewAnimation */,
				E0CA8E401DAF6B8400E94076 /* RoundWaterLinesAnimation */,
				E0CA8E3F1DAF6B5700E94076 /* BarAnimationView */,
				E091D66A1D58511A00C5A7EF /* BgAnimationView */,
				9708DED11D4E59A700976897 /* KeyFrameAnimation */,
				9708DED01D4E579800976897 /* PopViewAnimation */,
				9708DECF1D4E568900976897 /* TransitionAnimation */,
				9708DECE1D4E559300976897 /* RefreshAnimation */,
				9708DECD1D4E556100976897 /* LoginAnimation */,
				9708DECC1D4E551D00976897 /* Transform */,
				9708DECB1D4E54F800976897 /* AnimationImages */,
			);
			path = WPYAnimation;
			sourceTree = "<group>";
		};
		9708DECB1D4E54F800976897 /* AnimationImages */ = {
			isa = PBXGroup;
			children = (
				9708DF191D4E6E9900976897 /* ImagesAnimation.h */,
				9708DF1A1D4E6E9900976897 /* ImagesAnimation.m */,
			);
			path = AnimationImages;
			sourceTree = "<group>";
		};
		9708DECC1D4E551D00976897 /* Transform */ = {
			isa = PBXGroup;
			children = (
				E026A00C1D76CB3F009103DE /* WPYCubeAnimationLayer.h */,
				E026A00D1D76CB3F009103DE /* WPYCubeAnimationLayer.m */,
				E026A00F1D76E380009103DE /* WPY3DCubeAnimationView.h */,
				E026A0101D76E380009103DE /* WPY3DCubeAnimationView.m */,
			);
			path = Transform;
			sourceTree = "<group>";
		};
		9708DECD1D4E556100976897 /* LoginAnimation */ = {
			isa = PBXGroup;
			children = (
				E0952ACF1D6ED640001A8177 /* LoginPrintPaperAnimation */,
				E0952ACE1D6ED609001A8177 /* LoginIconAnimation */,
				E0952ACD1D6ED5DF001A8177 /* LoginBtnAnimation */,
			);
			path = LoginAnimation;
			sourceTree = "<group>";
		};
		9708DECE1D4E559300976897 /* RefreshAnimation */ = {
			isa = PBXGroup;
			children = (
			);
			path = RefreshAnimation;
			sourceTree = "<group>";
		};
		9708DECF1D4E568900976897 /* TransitionAnimation */ = {
			isa = PBXGroup;
			children = (
				E080E2E71D596F4400EFFA8A /* customTransitionAnimation */,
				E091D6821D5873A800C5A7EF /* systemTransitionAnimation */,
			);
			name = TransitionAnimation;
			path = ChangeViewAnimation;
			sourceTree = "<group>";
		};
		9708DED01D4E579800976897 /* PopViewAnimation */ = {
			isa = PBXGroup;
			children = (
				E091D6671D5827CD00C5A7EF /* WPYPopView.h */,
				E091D6681D5827CD00C5A7EF /* WPYPopView.m */,
			);
			path = PopViewAnimation;
			sourceTree = "<group>";
		};
		9708DED11D4E59A700976897 /* KeyFrameAnimation */ = {
			isa = PBXGroup;
			children = (
			);
			path = KeyFrameAnimation;
			sourceTree = "<group>";
		};
		9708DED21D4E5AD500976897 /* BaseViewController */ = {
			isa = PBXGroup;
			children = (
				9708DED31D4E5AEA00976897 /* WPYTabBarController.h */,
				9708DED41D4E5AEA00976897 /* WPYTabBarController.m */,
				9708DED61D4E5B1100976897 /* WPYNavigationController.h */,
				9708DED71D4E5B1100976897 /* WPYNavigationController.m */,
			);
			path = BaseViewController;
			sourceTree = "<group>";
		};
		9708DED91D4E5CEE00976897 /* ViewController */ = {
			isa = PBXGroup;
			children = (
				E0CA8E311DAF64F800E94076 /* CoreAnimation */,
				E0646FE61D78243B0037A9C7 /* FunctionAnimation */,
				E091D6861D58824700C5A7EF /* TransitionAnimation */,
				E08898871D548DEC00AD4870 /* UIViewAnimation */,
				E08898861D548DB300AD4870 /* ImagesAnimation */,
			);
			path = ViewController;
			sourceTree = "<group>";
		};
		9708DEE91D4E60A300976897 /* Source */ = {
			isa = PBXGroup;
			children = (
				E091D6731D586D1600C5A7EF /* transform */,
				E091D66C1D586D1100C5A7EF /* keyframe */,
				E091D66B1D586CF800C5A7EF /* imagesAnimation */,
				E08898741D54649100AD4870 /* runnerman */,
				9708DEEE1D4E60A300976897 /* webChat */,
				9708DF011D4E60A300976897 /* 美女07.jpg */,
				E0952ACB1D6ED021001A8177 /* login.png */,
				E088988E1D5496C200AD4870 /* qiu1.png */,
				E088988C1D5496BD00AD4870 /* qiu3.jpg */,
				E08898901D5496C600AD4870 /* qiu5.jpg */,
				E08898921D5496DB00AD4870 /* flake.png */,
				E072F07F1D87ABCC005B6A0D /* root.png */,
				E0A61CC01D6C38DC0012ACD9 /* LaunchImage-700-568h@2x.png */,
			);
			path = Source;
			sourceTree = "<group>";
		};
		9708DEEE1D4E60A300976897 /* webChat */ = {
			isa = PBXGroup;
			children = (
				E070A3351D88EBD000F14B10 /* printPaper.png */,
				9708DEEF1D4E60A300976897 /* tabbar_bg.png */,
				9708DEF01D4E60A300976897 /* tabbar_bg@2x.png */,
				9708DEF11D4E60A300976897 /* tabbar_contacts@2x.png */,
				9708DEF21D4E60A300976897 /* tabbar_contacts@3x.png */,
				9708DEF31D4E60A300976897 /* tabbar_contactsHL@2x.png */,
				9708DEF41D4E60A300976897 /* tabbar_contactsHL@3x.png */,
				9708DEF51D4E60A300976897 /* tabbar_discover@2x.png */,
				9708DEF61D4E60A300976897 /* tabbar_discover@3x.png */,
				9708DEF71D4E60A300976897 /* tabbar_discoverHL@2x.png */,
				9708DEF81D4E60A300976897 /* tabbar_discoverHL@3x.png */,
				9708DEF91D4E60A300976897 /* tabbar_mainframe@2x.png */,
				9708DEFA1D4E60A300976897 /* tabbar_mainframe@3x.png */,
				9708DEFB1D4E60A300976897 /* tabbar_mainframeHL@2x.png */,
				9708DEFC1D4E60A300976897 /* tabbar_mainframeHL@3x.png */,
				9708DEFD1D4E60A300976897 /* tabbar_me@2x.png */,
				9708DEFE1D4E60A300976897 /* tabbar_me@3x.png */,
				9708DEFF1D4E60A300976897 /* tabbar_meHL@2x.png */,
				9708DF001D4E60A300976897 /* tabbar_meHL@3x.png */,
			);
			path = webChat;
			sourceTree = "<group>";
		};
		E05870E41D62AB1700CE5019 /* PopViewVC */ = {
			isa = PBXGroup;
			children = (
				E05870E51D62AB5100CE5019 /* PopViewVC.h */,
				E05870E61D62AB5100CE5019 /* PopViewVC.m */,
				E0727A371D640D1C00FFF48C /* PopViewPresentVC.h */,
				E0727A381D640D1C00FFF48C /* PopViewPresentVC.m */,
			);
			path = PopViewVC;
			sourceTree = "<group>";
		};
		E0646FE61D78243B0037A9C7 /* FunctionAnimation */ = {
			isa = PBXGroup;
			children = (
				E0BF87EE1D791579008210FF /* AnimationVC */,
				9708DEE61D4E5F9800976897 /* FunctionAnimationViewController.h */,
				9708DEE71D4E5F9800976897 /* FunctionAnimationViewController.m */,
			);
			name = FunctionAnimation;
			sourceTree = "<group>";
		};
		E06F45FE1D66A09E0004FABF /* PageCoverVC */ = {
			isa = PBXGroup;
			children = (
				E06F45FF1D66A0C80004FABF /* PageCoverVC.h */,
				E06F46001D66A0C80004FABF /* PageCoverVC.m */,
				E06F46021D66A1490004FABF /* PageCoverPushVC.h */,
				E06F46031D66A1490004FABF /* PageCoverPushVC.m */,
			);
			path = PageCoverVC;
			sourceTree = "<group>";
		};
		E080E2E71D596F4400EFFA8A /* customTransitionAnimation */ = {
			isa = PBXGroup;
			children = (
				E080E3001D59C45300EFFA8A /* Masonry */,
				E080E2F71D59BC7200EFFA8A /* Src */,
				E080E2F21D59BA5700EFFA8A /* CustomTransitionVC */,
				E080E2F11D59BA2600EFFA8A /* WPYTransition */,
			);
			path = customTransitionAnimation;
			sourceTree = "<group>";
		};
		E080E2EE1D59AF4000EFFA8A /* systemTransitionVC */ = {
			isa = PBXGroup;
			children = (
				9708DEE31D4E5EB700976897 /* ChangeViewAnimationViewController.h */,
				9708DEE41D4E5EB700976897 /* ChangeViewAnimationViewController.m */,
			);
			name = systemTransitionVC;
			sourceTree = "<group>";
		};
		E080E2F11D59BA2600EFFA8A /* WPYTransition */ = {
			isa = PBXGroup;
			children = (
				E080E2E81D596FE600EFFA8A /* WPYTransition.h */,
				E080E2E91D596FE600EFFA8A /* WPYTransition.m */,
				E080E2EB1D5984F800EFFA8A /* WPYTransitionGesture.h */,
				E080E2EC1D5984F800EFFA8A /* WPYTransitionGesture.m */,
			);
			path = WPYTransition;
			sourceTree = "<group>";
		};
		E080E2F21D59BA5700EFFA8A /* CustomTransitionVC */ = {
			isa = PBXGroup;
			children = (
				E06F45FE1D66A09E0004FABF /* PageCoverVC */,
				E05870E41D62AB1700CE5019 /* PopViewVC */,
				E08744951D615ACE00C4E190 /* MagicalMoveVC */,
				E080E2F31D59BAA800EFFA8A /* CircleSpreadVC */,
			);
			path = CustomTransitionVC;
			sourceTree = "<group>";
		};
		E080E2F31D59BAA800EFFA8A /* CircleSpreadVC */ = {
			isa = PBXGroup;
			children = (
				E080E2F41D59BB0C00EFFA8A /* CircleSpreadVC.h */,
				E080E2F51D59BB0C00EFFA8A /* CircleSpreadVC.m */,
				E080E3241D59CA3700EFFA8A /* CircelSpreadPresentVC.h */,
				E080E3251D59CA3700EFFA8A /* CircelSpreadPresentVC.m */,
			);
			path = CircleSpreadVC;
			sourceTree = "<group>";
		};
		E080E2F71D59BC7200EFFA8A /* Src */ = {
			isa = PBXGroup;
			children = (
				E080E2FC1D59C26F00EFFA8A /* icon.png */,
				E080E2FD1D59C26F00EFFA8A /* book.jpg */,
			);
			path = Src;
			sourceTree = "<group>";
		};
		E080E3001D59C45300EFFA8A /* Masonry */ = {
			isa = PBXGroup;
			children = (
				E080E3011D59C45300EFFA8A /* MASCompositeConstraint.h */,
				E080E3021D59C45300EFFA8A /* MASCompositeConstraint.m */,
				E080E3031D59C45300EFFA8A /* MASConstraint+Private.h */,
				E080E3041D59C45300EFFA8A /* MASConstraint.h */,
				E080E3051D59C45300EFFA8A /* MASConstraint.m */,
				E080E3061D59C45300EFFA8A /* MASConstraintMaker.h */,
				E080E3071D59C45300EFFA8A /* MASConstraintMaker.m */,
				E080E3081D59C45300EFFA8A /* MASLayoutConstraint.h */,
				E080E3091D59C45300EFFA8A /* MASLayoutConstraint.m */,
				E080E30A1D59C45300EFFA8A /* Masonry.h */,
				E080E30B1D59C45300EFFA8A /* MASUtilities.h */,
				E080E30C1D59C45300EFFA8A /* MASViewAttribute.h */,
				E080E30D1D59C45300EFFA8A /* MASViewAttribute.m */,
				E080E30E1D59C45300EFFA8A /* MASViewConstraint.h */,
				E080E30F1D59C45300EFFA8A /* MASViewConstraint.m */,
				E080E3101D59C45300EFFA8A /* NSArray+MASAdditions.h */,
				E080E3111D59C45300EFFA8A /* NSArray+MASAdditions.m */,
				E080E3121D59C45300EFFA8A /* NSArray+MASShorthandAdditions.h */,
				E080E3131D59C45300EFFA8A /* NSLayoutConstraint+MASDebugAdditions.h */,
				E080E3141D59C45300EFFA8A /* NSLayoutConstraint+MASDebugAdditions.m */,
				E080E3151D59C45300EFFA8A /* View+MASAdditions.h */,
				E080E3161D59C45300EFFA8A /* View+MASAdditions.m */,
				E080E3171D59C45300EFFA8A /* View+MASShorthandAdditions.h */,
				E080E3181D59C45300EFFA8A /* ViewController+MASAdditions.h */,
				E080E3191D59C45300EFFA8A /* ViewController+MASAdditions.m */,
			);
			path = Masonry;
			sourceTree = "<group>";
		};
		E08744951D615ACE00C4E190 /* MagicalMoveVC */ = {
			isa = PBXGroup;
			children = (
				E08744961D615CE800C4E190 /* MagicalMoveVC.h */,
				E08744971D615CE800C4E190 /* MagicalMoveVC.m */,
				E08744991D615D3F00C4E190 /* MagicalMovePushVC.h */,
				E087449A1D615D3F00C4E190 /* MagicalMovePushVC.m */,
				E087449C1D6169B200C4E190 /* MagicalMoveCell.h */,
				E087449D1D6169B200C4E190 /* MagicalMoveCell.m */,
				E087449E1D6169B200C4E190 /* MagicalMoveCell.xib */,
			);
			path = MagicalMoveVC;
			sourceTree = "<group>";
		};
		E08898681D54421C00AD4870 /* helper */ = {
			isa = PBXGroup;
			children = (
				E091D6871D58920500C5A7EF /* UIView+Toast.h */,
				E091D6881D58920500C5A7EF /* UIView+Toast.m */,
				E08898691D54427700AD4870 /* WPYButton.h */,
				E088986A1D54427700AD4870 /* WPYButton.m */,
			);
			path = helper;
			sourceTree = "<group>";
		};
		E088986C1D54443400AD4870 /* AnimationVC */ = {
			isa = PBXGroup;
			children = (
				E088986D1D54448900AD4870 /* ImagesVC.h */,
				E088986E1D54448900AD4870 /* ImagesVC.m */,
				E08898711D54625800AD4870 /* imageVC2.h */,
				E08898721D54625800AD4870 /* imageVC2.m */,
			);
			name = AnimationVC;
			path = ../AnimationVC;
			sourceTree = "<group>";
		};
		E08898741D54649100AD4870 /* runnerman */ = {
			isa = PBXGroup;
			children = (
				E08898751D54649100AD4870 /* runner0.jpg */,
				E08898761D54649100AD4870 /* runner1.jpg */,
				E08898771D54649100AD4870 /* runner2.jpg */,
				E08898781D54649100AD4870 /* runner3.jpg */,
				E08898791D54649100AD4870 /* runner4.jpg */,
				E088987A1D54649100AD4870 /* runner5.jpg */,
			);
			path = runnerman;
			sourceTree = "<group>";
		};
		E08898861D548DB300AD4870 /* ImagesAnimation */ = {
			isa = PBXGroup;
			children = (
				E088986C1D54443400AD4870 /* AnimationVC */,
				9708DEDA1D4E5E2300976897 /* ImagesAnimationViewController.h */,
				9708DEDB1D4E5E2300976897 /* ImagesAnimationViewController.m */,
			);
			name = ImagesAnimation;
			sourceTree = "<group>";
		};
		E08898871D548DEC00AD4870 /* UIViewAnimation */ = {
			isa = PBXGroup;
			children = (
				E08898881D548E1B00AD4870 /* AnimationVC */,
				9708DEDD1D4E5E4900976897 /* UIViewAnimationViewController.h */,
				9708DEDE1D4E5E4900976897 /* UIViewAnimationViewController.m */,
			);
			name = UIViewAnimation;
			sourceTree = "<group>";
		};
		E08898881D548E1B00AD4870 /* AnimationVC */ = {
			isa = PBXGroup;
			children = (
				E08898891D548F2E00AD4870 /* BackgroundVCViewController.h */,
				E088988A1D548F2E00AD4870 /* BackgroundVCViewController.m */,
			);
			name = AnimationVC;
			sourceTree = "<group>";
		};
		E091D66A1D58511A00C5A7EF /* BgAnimationView */ = {
			isa = PBXGroup;
			children = (
				E091D68A1D5899F300C5A7EF /* ViewAnimation.h */,
				E091D68B1D5899F300C5A7EF /* ViewAnimation.m */,
			);
			path = BgAnimationView;
			sourceTree = "<group>";
		};
		E091D66B1D586CF800C5A7EF /* imagesAnimation */ = {
			isa = PBXGroup;
			children = (
				9708DEEA1D4E60A300976897 /* 1.png */,
				9708DEEB1D4E60A300976897 /* 2.png */,
				9708DEEC1D4E60A300976897 /* 3.png */,
				9708DEED1D4E60A300976897 /* 4.png */,
			);
			name = imagesAnimation;
			sourceTree = "<group>";
		};
		E091D66C1D586D1100C5A7EF /* keyframe */ = {
			isa = PBXGroup;
			children = (
				E091D66D1D586D1100C5A7EF /* basket2.jpg */,
				E091D66E1D586D1100C5A7EF /* basketball.jpg */,
				E091D66F1D586D1100C5A7EF /* person1.jpg */,
			);
			path = keyframe;
			sourceTree = "<group>";
		};
		E091D6731D586D1600C5A7EF /* transform */ = {
			isa = PBXGroup;
			children = (
				E091D6741D586D1600C5A7EF /* k1.png */,
				E091D6751D586D1600C5A7EF /* lunner2.jpg */,
				E091D6761D586D1600C5A7EF /* p2.jpg */,
				E091D6771D586D1600C5A7EF /* pic.jpg */,
				E091D6781D586D1600C5A7EF /* tree.jpg */,
				E091D6791D586D1600C5A7EF /* tree4.jpg */,
				E091D67A1D586D1600C5A7EF /* window.png */,
			);
			path = transform;
			sourceTree = "<group>";
		};
		E091D6821D5873A800C5A7EF /* systemTransitionAnimation */ = {
			isa = PBXGroup;
			children = (
				E091D6831D58768700C5A7EF /* WPYTransitionAnimation.h */,
				E091D6841D58768700C5A7EF /* WPYTransitionAnimation.m */,
			);
			path = systemTransitionAnimation;
			sourceTree = "<group>";
		};
		E091D6861D58824700C5A7EF /* TransitionAnimation */ = {
			isa = PBXGroup;
			children = (
				E080E2EE1D59AF4000EFFA8A /* systemTransitionVC */,
			);
			name = TransitionAnimation;
			sourceTree = "<group>";
		};
		E0952ACD1D6ED5DF001A8177 /* LoginBtnAnimation */ = {
			isa = PBXGroup;
			children = (
				E0952AD01D6EDC43001A8177 /* WPYSpinerLayer.h */,
				E0952AD11D6EDC43001A8177 /* WPYSpinerLayer.m */,
				E075551D1D7524E0001D9A4B /* WPYLoginButton.h */,
				E075551E1D7524E0001D9A4B /* WPYLoginButton.m */,
			);
			path = LoginBtnAnimation;
			sourceTree = "<group>";
		};
		E0952ACE1D6ED609001A8177 /* LoginIconAnimation */ = {
			isa = PBXGroup;
			children = (
				E0BF87F21D795CE5008210FF /* WPYLoginIcon.h */,
				E0BF87F31D795CE5008210FF /* WPYLoginIcon.m */,
			);
			path = LoginIconAnimation;
			sourceTree = "<group>";
		};
		E0952ACF1D6ED640001A8177 /* LoginPrintPaperAnimation */ = {
			isa = PBXGroup;
			children = (
				E048FD371D8945800058B495 /* WPYPrintPaperLoginView.h */,
				E048FD381D8945800058B495 /* WPYPrintPaperLoginView.m */,
			);
			name = LoginPrintPaperAnimation;
			path = LoginViewAnimation;
			sourceTree = "<group>";
		};
		E0BF87EE1D791579008210FF /* AnimationVC */ = {
			isa = PBXGroup;
			children = (
				E0BF87EF1D7915D6008210FF /* LoginBtnAnimationVC.h */,
				E0BF87F01D7915D6008210FF /* LoginBtnAnimationVC.m */,
				E0BF87F51D7982AC008210FF /* LoginIconAnimationVC.h */,
				E0BF87F61D7982AC008210FF /* LoginIconAnimationVC.m */,
				E072F07C1D87AA0B005B6A0D /* textViewVC.h */,
				E072F07D1D87AA0B005B6A0D /* textViewVC.m */,
				E00469091D8E902000281BC5 /* LoginViewAnimationVC.h */,
				E004690A1D8E902000281BC5 /* LoginViewAnimationVC.m */,
			);
			name = AnimationVC;
			sourceTree = "<group>";
		};
		E0CA8E311DAF64F800E94076 /* CoreAnimation */ = {
			isa = PBXGroup;
			children = (
				E0CA8E321DAF652600E94076 /* AnimationVC */,
				9708DEE01D4E5E9000976897 /* CoreAnimationViewController.h */,
				9708DEE11D4E5E9000976897 /* CoreAnimationViewController.m */,
			);
			name = CoreAnimation;
			sourceTree = "<group>";
		};
		E0CA8E321DAF652600E94076 /* AnimationVC */ = {
			isa = PBXGroup;
			children = (
				E0CA8E331DAF659700E94076 /* Cube3DViewController.h */,
				E0CA8E341DAF659700E94076 /* Cube3DViewController.m */,
				E0CA8E361DAF67CC00E94076 /* BarAnimationViewController.h */,
				E0CA8E371DAF67CC00E94076 /* BarAnimationViewController.m */,
				E0CA8E391DAF682700E94076 /* RoundWaterLinesViewController.h */,
				E0CA8E3A1DAF682700E94076 /* RoundWaterLinesViewController.m */,
				E0CA8E3C1DAF685000E94076 /* TouchPopViewViewController.h */,
				E0CA8E3D1DAF685000E94076 /* TouchPopViewViewController.m */,
			);
			name = AnimationVC;
			sourceTree = "<group>";
		};
		E0CA8E3F1DAF6B5700E94076 /* BarAnimationView */ = {
			isa = PBXGroup;
			children = (
				E0CA8E421DAF6D5200E94076 /* WPYBarAnimationView.h */,
				E0CA8E431DAF6D5200E94076 /* WPYBarAnimationView.m */,
			);
			path = BarAnimationView;
			sourceTree = "<group>";
		};
		E0CA8E401DAF6B8400E94076 /* RoundWaterLinesAnimation */ = {
			isa = PBXGroup;
			children = (
				E00CEE921DB0AE1E000C5224 /* WPYCircleView.h */,
				E00CEE931DB0AE1E000C5224 /* WPYCircleView.m */,
				E00CEE951DB0B37D000C5224 /* WPYCircelWaveAnimationView.h */,
				E00CEE961DB0B37D000C5224 /* WPYCircelWaveAnimationView.m */,
			);
			path = RoundWaterLinesAnimation;
			sourceTree = "<group>";
		};
		E0CA8E411DAF6BC200E94076 /* TouchPopViewAnimation */ = {
			isa = PBXGroup;
			children = (
			);
			path = TouchPopViewAnimation;
			sourceTree = "<group>";
		};
/* End PBXGroup section */

/* Begin PBXNativeTarget section */
		9708DEAD1D4E53D900976897 /* WPYAnimation */ = {
			isa = PBXNativeTarget;
			buildConfigurationList = 9708DEC51D4E53D900976897 /* Build configuration list for PBXNativeTarget "WPYAnimation" */;
			buildPhases = (
				9708DEAA1D4E53D900976897 /* Sources */,
				9708DEAB1D4E53D900976897 /* Frameworks */,
				9708DEAC1D4E53D900976897 /* Resources */,
			);
			buildRules = (
			);
			dependencies = (
			);
			name = WPYAnimation;
			productName = WPYAnimation;
			productReference = 9708DEAE1D4E53D900976897 /* WPYAnimation.app */;
			productType = "com.apple.product-type.application";
		};
/* End PBXNativeTarget section */

/* Begin PBXProject section */
		9708DEA61D4E53D900976897 /* Project object */ = {
			isa = PBXProject;
			attributes = {
				LastUpgradeCheck = 0800;
				ORGANIZATIONNAME = wpy;
				TargetAttributes = {
					9708DEAD1D4E53D900976897 = {
						CreatedOnToolsVersion = 7.2;
						DevelopmentTeam = 3U7NTNRMAV;
						ProvisioningStyle = Automatic;
					};
				};
			};
			buildConfigurationList = 9708DEA91D4E53D900976897 /* Build configuration list for PBXProject "WPYAnimation" */;
			compatibilityVersion = "Xcode 3.2";
			developmentRegion = English;
			hasScannedForEncodings = 0;
			knownRegions = (
				en,
				Base,
			);
			mainGroup = 9708DEA51D4E53D900976897;
			productRefGroup = 9708DEAF1D4E53D900976897 /* Products */;
			projectDirPath = "";
			projectRoot = "";
			targets = (
				9708DEAD1D4E53D900976897 /* WPYAnimation */,
			);
		};
/* End PBXProject section */

/* Begin PBXResourcesBuildPhase section */
		9708DEAC1D4E53D900976897 /* Resources */ = {
			isa = PBXResourcesBuildPhase;
			buildActionMask = 2147483647;
			files = (
				E091D6811D586D1600C5A7EF /* window.png in Resources */,
				9708DEC11D4E53D900976897 /* LaunchScreen.storyboard in Resources */,
				9708DF181D4E60A300976897 /* 美女07.jpg in Resources */,
				9708DF091D4E60A300976897 /* tabbar_contacts@3x.png in Resources */,
				E091D6711D586D1100C5A7EF /* basketball.jpg in Resources */,
				E088987B1D54649100AD4870 /* runner0.jpg in Resources */,
				9708DF051D4E60A300976897 /* 4.png in Resources */,
				9708DF101D4E60A300976897 /* tabbar_mainframe@2x.png in Resources */,
				E08898931D5496DB00AD4870 /* flake.png in Resources */,
				9708DF131D4E60A300976897 /* tabbar_mainframeHL@3x.png in Resources */,
				9708DF171D4E60A300976897 /* tabbar_meHL@3x.png in Resources */,
				9708DF0E1D4E60A300976897 /* tabbar_discoverHL@2x.png in Resources */,
				E0952ACC1D6ED021001A8177 /* login.png in Resources */,
				E08898801D54649100AD4870 /* runner5.jpg in Resources */,
				9708DF0B1D4E60A300976897 /* tabbar_contactsHL@3x.png in Resources */,
				E091D6701D586D1100C5A7EF /* basket2.jpg in Resources */,
				E080E2FF1D59C26F00EFFA8A /* book.jpg in Resources */,
				E091D67D1D586D1600C5A7EF /* p2.jpg in Resources */,
				E088988F1D5496C200AD4870 /* qiu1.png in Resources */,
				9708DF021D4E60A300976897 /* 1.png in Resources */,
				9708DF0F1D4E60A300976897 /* tabbar_discoverHL@3x.png in Resources */,
				E091D67E1D586D1600C5A7EF /* pic.jpg in Resources */,
				9708DF0D1D4E60A300976897 /* tabbar_discover@3x.png in Resources */,
				9708DF111D4E60A300976897 /* tabbar_mainframe@3x.png in Resources */,
				9708DF081D4E60A300976897 /* tabbar_contacts@2x.png in Resources */,
				E088987E1D54649100AD4870 /* runner3.jpg in Resources */,
				E091D67B1D586D1600C5A7EF /* k1.png in Resources */,
				9708DF031D4E60A300976897 /* 2.png in Resources */,
				E088987F1D54649100AD4870 /* runner4.jpg in Resources */,
				E091D67C1D586D1600C5A7EF /* lunner2.jpg in Resources */,
				9708DF071D4E60A300976897 /* tabbar_bg@2x.png in Resources */,
				9708DF0A1D4E60A300976897 /* tabbar_contactsHL@2x.png in Resources */,
				E08744A01D6169B200C4E190 /* MagicalMoveCell.xib in Resources */,
				9708DF061D4E60A300976897 /* tabbar_bg.png in Resources */,
				E091D6721D586D1100C5A7EF /* person1.jpg in Resources */,
				E091D67F1D586D1600C5A7EF /* tree.jpg in Resources */,
				E088987D1D54649100AD4870 /* runner2.jpg in Resources */,
				9708DF161D4E60A300976897 /* tabbar_meHL@2x.png in Resources */,
				9708DF141D4E60A300976897 /* tabbar_me@2x.png in Resources */,
				9708DF041D4E60A300976897 /* 3.png in Resources */,
				9708DF0C1D4E60A300976897 /* tabbar_discover@2x.png in Resources */,
				9708DF121D4E60A300976897 /* tabbar_mainframeHL@2x.png in Resources */,
				9708DF151D4E60A300976897 /* tabbar_me@3x.png in Resources */,
				E088988D1D5496BD00AD4870 /* qiu3.jpg in Resources */,
				E08898911D5496C600AD4870 /* qiu5.jpg in Resources */,
				E088987C1D54649100AD4870 /* runner1.jpg in Resources */,
				E072F0801D87ABCC005B6A0D /* root.png in Resources */,
				E070A3361D88EBD000F14B10 /* printPaper.png in Resources */,
				E091D6801D586D1600C5A7EF /* tree4.jpg in Resources */,
				E080E2FE1D59C26F00EFFA8A /* icon.png in Resources */,
				9708DEBE1D4E53D900976897 /* Assets.xcassets in Resources */,
				E0A61CC11D6C38DC0012ACD9 /* LaunchImage-700-568h@2x.png in Resources */,
				9708DEBC1D4E53D900976897 /* Main.storyboard in Resources */,
			);
			runOnlyForDeploymentPostprocessing = 0;
		};
/* End PBXResourcesBuildPhase section */

/* Begin PBXSourcesBuildPhase section */
		9708DEAA1D4E53D900976897 /* Sources */ = {
			isa = PBXSourcesBuildPhase;
			buildActionMask = 2147483647;
			files = (
				9708DEE21D4E5E9000976897 /* CoreAnimationViewController.m in Sources */,
				E0BF87F11D7915D6008210FF /* LoginBtnAnimationVC.m in Sources */,
				E080E31A1D59C45300EFFA8A /* MASCompositeConstraint.m in Sources */,
				E080E3231D59C45300EFFA8A /* ViewController+MASAdditions.m in Sources */,
				E06F46011D66A0C80004FABF /* PageCoverVC.m in Sources */,
				E080E3221D59C45300EFFA8A /* View+MASAdditions.m in Sources */,
				E00CEE971DB0B37D000C5224 /* WPYCircelWaveAnimationView.m in Sources */,
				E080E2F61D59BB0C00EFFA8A /* CircleSpreadVC.m in Sources */,
				E00CEE941DB0AE1E000C5224 /* WPYCircleView.m in Sources */,
				E080E2ED1D5984F800EFFA8A /* WPYTransitionGesture.m in Sources */,
				9708DED51D4E5AEA00976897 /* WPYTabBarController.m in Sources */,
				E088986B1D54427700AD4870 /* WPYButton.m in Sources */,
				E087449B1D615D3F00C4E190 /* MagicalMovePushVC.m in Sources */,
				E080E31D1D59C45300EFFA8A /* MASLayoutConstraint.m in Sources */,
				E080E3201D59C45300EFFA8A /* NSArray+MASAdditions.m in Sources */,
				9708DEDC1D4E5E2300976897 /* ImagesAnimationViewController.m in Sources */,
				E091D68C1D5899F300C5A7EF /* ViewAnimation.m in Sources */,
				E0CA8E381DAF67CC00E94076 /* BarAnimationViewController.m in Sources */,
				E075551F1D7524E0001D9A4B /* WPYLoginButton.m in Sources */,
				E072F07E1D87AA0B005B6A0D /* textViewVC.m in Sources */,
				E080E31B1D59C45300EFFA8A /* MASConstraint.m in Sources */,
				9708DF1B1D4E6E9900976897 /* ImagesAnimation.m in Sources */,
				E08744981D615CE800C4E190 /* MagicalMoveVC.m in Sources */,
				E048FD391D8945800058B495 /* WPYPrintPaperLoginView.m in Sources */,
				E06F46041D66A1490004FABF /* PageCoverPushVC.m in Sources */,
				E080E31F1D59C45300EFFA8A /* MASViewConstraint.m in Sources */,
				E0727A391D640D1C00FFF48C /* PopViewPresentVC.m in Sources */,
				E0CA8E3E1DAF685000E94076 /* TouchPopViewViewController.m in Sources */,
				E0952AD21D6EDC43001A8177 /* WPYSpinerLayer.m in Sources */,
				E087449F1D6169B200C4E190 /* MagicalMoveCell.m in Sources */,
				E026A00E1D76CB3F009103DE /* WPYCubeAnimationLayer.m in Sources */,
				E0BF87F71D7982AC008210FF /* LoginIconAnimationVC.m in Sources */,
				E0CA8E3B1DAF682700E94076 /* RoundWaterLinesViewController.m in Sources */,
				9708DEE51D4E5EB700976897 /* ChangeViewAnimationViewController.m in Sources */,
				E0CA8E441DAF6D5200E94076 /* WPYBarAnimationView.m in Sources */,
				E088986F1D54448900AD4870 /* ImagesVC.m in Sources */,
				E091D6891D58920500C5A7EF /* UIView+Toast.m in Sources */,
				E080E31E1D59C45300EFFA8A /* MASViewAttribute.m in Sources */,
				E026A0111D76E380009103DE /* WPY3DCubeAnimationView.m in Sources */,
				E080E2EA1D596FE600EFFA8A /* WPYTransition.m in Sources */,
				9708DEDF1D4E5E4900976897 /* UIViewAnimationViewController.m in Sources */,
				9708DEB91D4E53D900976897 /* ViewController.m in Sources */,
				E004690B1D8E902000281BC5 /* LoginViewAnimationVC.m in Sources */,
				9708DEB61D4E53D900976897 /* AppDelegate.m in Sources */,
				9708DEB31D4E53D900976897 /* main.m in Sources */,
				E0CA8E351DAF659700E94076 /* Cube3DViewController.m in Sources */,
				E0BF87F41D795CE5008210FF /* WPYLoginIcon.m in Sources */,
				E091D6691D5827CD00C5A7EF /* WPYPopView.m in Sources */,
				E080E3211D59C45300EFFA8A /* NSLayoutConstraint+MASDebugAdditions.m in Sources */,
				9708DED81D4E5B1100976897 /* WPYNavigationController.m in Sources */,
				E05870E71D62AB5100CE5019 /* PopViewVC.m in Sources */,
				9708DEE81D4E5F9800976897 /* FunctionAnimationViewController.m in Sources */,
				E080E31C1D59C45300EFFA8A /* MASConstraintMaker.m in Sources */,
				E08898731D54625800AD4870 /* imageVC2.m in Sources */,
				E080E3261D59CA3700EFFA8A /* CircelSpreadPresentVC.m in Sources */,
				E091D6851D58768700C5A7EF /* WPYTransitionAnimation.m in Sources */,
				E088988B1D548F2E00AD4870 /* BackgroundVCViewController.m in Sources */,
			);
			runOnlyForDeploymentPostprocessing = 0;
		};
/* End PBXSourcesBuildPhase section */

/* Begin PBXVariantGroup section */
		9708DEBA1D4E53D900976897 /* Main.storyboard */ = {
			isa = PBXVariantGroup;
			children = (
				9708DEBB1D4E53D900976897 /* Base */,
			);
			name = Main.storyboard;
			sourceTree = "<group>";
		};
		9708DEBF1D4E53D900976897 /* LaunchScreen.storyboard */ = {
			isa = PBXVariantGroup;
			children = (
				9708DEC01D4E53D900976897 /* Base */,
			);
			name = LaunchScreen.storyboard;
			sourceTree = "<group>";
		};
/* End PBXVariantGroup section */

/* Begin XCBuildConfiguration section */
		9708DEC31D4E53D900976897 /* Debug */ = {
			isa = XCBuildConfiguration;
			buildSettings = {
				ALWAYS_SEARCH_USER_PATHS = NO;
				CLANG_CXX_LANGUAGE_STANDARD = "gnu++0x";
				CLANG_CXX_LIBRARY = "libc++";
				CLANG_ENABLE_MODULES = YES;
				CLANG_ENABLE_OBJC_ARC = YES;
				CLANG_WARN_BOOL_CONVERSION = YES;
				CLANG_WARN_CONSTANT_CONVERSION = YES;
				CLANG_WARN_DIRECT_OBJC_ISA_USAGE = YES_ERROR;
				CLANG_WARN_EMPTY_BODY = YES;
				CLANG_WARN_ENUM_CONVERSION = YES;
				CLANG_WARN_INFINITE_RECURSION = YES;
				CLANG_WARN_INT_CONVERSION = YES;
				CLANG_WARN_OBJC_ROOT_CLASS = YES_ERROR;
				CLANG_WARN_SUSPICIOUS_MOVE = YES;
				CLANG_WARN_UNREACHABLE_CODE = YES;
				CLANG_WARN__DUPLICATE_METHOD_MATCH = YES;
				"CODE_SIGN_IDENTITY[sdk=iphoneos*]" = "iPhone Developer";
				COPY_PHASE_STRIP = NO;
				DEBUG_INFORMATION_FORMAT = dwarf;
				ENABLE_STRICT_OBJC_MSGSEND = YES;
				ENABLE_TESTABILITY = YES;
				GCC_C_LANGUAGE_STANDARD = gnu99;
				GCC_DYNAMIC_NO_PIC = NO;
				GCC_NO_COMMON_BLOCKS = YES;
				GCC_OPTIMIZATION_LEVEL = 0;
				GCC_PREPROCESSOR_DEFINITIONS = (
					"DEBUG=1",
					"$(inherited)",
				);
				GCC_WARN_64_TO_32_BIT_CONVERSION = YES;
				GCC_WARN_ABOUT_RETURN_TYPE = YES_ERROR;
				GCC_WARN_UNDECLARED_SELECTOR = YES;
				GCC_WARN_UNINITIALIZED_AUTOS = YES_AGGRESSIVE;
				GCC_WARN_UNUSED_FUNCTION = YES;
				GCC_WARN_UNUSED_VARIABLE = YES;
				IPHONEOS_DEPLOYMENT_TARGET = 9.3;
				MTL_ENABLE_DEBUG_INFO = YES;
				ONLY_ACTIVE_ARCH = YES;
				SDKROOT = iphoneos;
				TARGETED_DEVICE_FAMILY = "1,2";
			};
			name = Debug;
		};
		9708DEC41D4E53D900976897 /* Release */ = {
			isa = XCBuildConfiguration;
			buildSettings = {
				ALWAYS_SEARCH_USER_PATHS = NO;
				CLANG_CXX_LANGUAGE_STANDARD = "gnu++0x";
				CLANG_CXX_LIBRARY = "libc++";
				CLANG_ENABLE_MODULES = YES;
				CLANG_ENABLE_OBJC_ARC = YES;
				CLANG_WARN_BOOL_CONVERSION = YES;
				CLANG_WARN_CONSTANT_CONVERSION = YES;
				CLANG_WARN_DIRECT_OBJC_ISA_USAGE = YES_ERROR;
				CLANG_WARN_EMPTY_BODY = YES;
				CLANG_WARN_ENUM_CONVERSION = YES;
				CLANG_WARN_INFINITE_RECURSION = YES;
				CLANG_WARN_INT_CONVERSION = YES;
				CLANG_WARN_OBJC_ROOT_CLASS = YES_ERROR;
				CLANG_WARN_SUSPICIOUS_MOVE = YES;
				CLANG_WARN_UNREACHABLE_CODE = YES;
				CLANG_WARN__DUPLICATE_METHOD_MATCH = YES;
				"CODE_SIGN_IDENTITY[sdk=iphoneos*]" = "iPhone Developer";
				COPY_PHASE_STRIP = NO;
				DEBUG_INFORMATION_FORMAT = "dwarf-with-dsym";
				ENABLE_NS_ASSERTIONS = NO;
				ENABLE_STRICT_OBJC_MSGSEND = YES;
				GCC_C_LANGUAGE_STANDARD = gnu99;
				GCC_NO_COMMON_BLOCKS = YES;
				GCC_WARN_64_TO_32_BIT_CONVERSION = YES;
				GCC_WARN_ABOUT_RETURN_TYPE = YES_ERROR;
				GCC_WARN_UNDECLARED_SELECTOR = YES;
				GCC_WARN_UNINITIALIZED_AUTOS = YES_AGGRESSIVE;
				GCC_WARN_UNUSED_FUNCTION = YES;
				GCC_WARN_UNUSED_VARIABLE = YES;
				IPHONEOS_DEPLOYMENT_TARGET = 9.3;
				MTL_ENABLE_DEBUG_INFO = NO;
				SDKROOT = iphoneos;
				TARGETED_DEVICE_FAMILY = "1,2";
				VALIDATE_PRODUCT = YES;
			};
			name = Release;
		};
		9708DEC61D4E53D900976897 /* Debug */ = {
			isa = XCBuildConfiguration;
			buildSettings = {
				ASSETCATALOG_COMPILER_APPICON_NAME = AppIcon;
				"CODE_SIGN_IDENTITY[sdk=iphoneos*]" = "iPhone Developer";
				DEVELOPMENT_TEAM = 3U7NTNRMAV;
				GCC_PREFIX_HEADER = "$(SRCROOT)/pch.pch";
				INFOPLIST_FILE = WPYAnimation/Info.plist;
				IPHONEOS_DEPLOYMENT_TARGET = 9.3;
				LD_RUNPATH_SEARCH_PATHS = "$(inherited) @executable_path/Frameworks";
				PRODUCT_BUNDLE_IDENTIFIER = wangpengyu.WPYAnimation;
				PRODUCT_NAME = "$(TARGET_NAME)";
				TARGETED_DEVICE_FAMILY = "1,2";
			};
			name = Debug;
		};
		9708DEC71D4E53D900976897 /* Release */ = {
			isa = XCBuildConfiguration;
			buildSettings = {
				ASSETCATALOG_COMPILER_APPICON_NAME = AppIcon;
				"CODE_SIGN_IDENTITY[sdk=iphoneos*]" = "iPhone Developer";
				DEVELOPMENT_TEAM = 3U7NTNRMAV;
				GCC_PREFIX_HEADER = "$(SRCROOT)/pch.pch";
				INFOPLIST_FILE = WPYAnimation/Info.plist;
				IPHONEOS_DEPLOYMENT_TARGET = 9.3;
				LD_RUNPATH_SEARCH_PATHS = "$(inherited) @executable_path/Frameworks";
				PRODUCT_BUNDLE_IDENTIFIER = wangpengyu.WPYAnimation;
				PRODUCT_NAME = "$(TARGET_NAME)";
				TARGETED_DEVICE_FAMILY = "1,2";
			};
			name = Release;
		};
/* End XCBuildConfiguration section */

/* Begin XCConfigurationList section */
		9708DEA91D4E53D900976897 /* Build configuration list for PBXProject "WPYAnimation" */ = {
			isa = XCConfigurationList;
			buildConfigurations = (
				9708DEC31D4E53D900976897 /* Debug */,
				9708DEC41D4E53D900976897 /* Release */,
			);
			defaultConfigurationIsVisible = 0;
			defaultConfigurationName = Release;
		};
		9708DEC51D4E53D900976897 /* Build configuration list for PBXNativeTarget "WPYAnimation" */ = {
			isa = XCConfigurationList;
			buildConfigurations = (
				9708DEC61D4E53D900976897 /* Debug */,
				9708DEC71D4E53D900976897 /* Release */,
			);
			defaultConfigurationIsVisible = 0;
			defaultConfigurationName = Release;
		};
/* End XCConfigurationList section */
	};
	rootObject = 9708DEA61D4E53D900976897 /* Project object */;
}
